version = 1
revision = 3
requires-python = "==3.13.*"

[[package]]
name = "colorama"
version = "0.4.6"
source = { registry = "https://pypi.org/simple" }
sdist = { url = "https://files.pythonhosted.org/packages/d8/53/6f443c9a4a8358a93a6792e2acffb9d9d5cb0a5cfd8802644b7b1c9a02e4/colorama-0.4.6.tar.gz", hash = "sha256:08695f5cb7ed6e0531a20572697297273c47b8cae5a63ffc6d6ed5c201be6e44", size = 27697, upload-time = "2022-10-25T02:36:22.414Z" }
wheels = [
    { url = "https://files.pythonhosted.org/packages/d1/d6/3965ed04c63042e047cb6a3e6ed1a63a35087b6a609aa3a15ed8ac56c221/colorama-0.4.6-py2.py3-none-any.whl", hash = "sha256:4f1d9991f5acc0ca119f9d443620b77f9d6b33703e51011c16baf57afb285fc6", size = 25335, upload-time = "2022-10-25T02:36:20.889Z" },
]

[[package]]
name = "coverage"
version = "7.12.0"
source = { registry = "https://pypi.org/simple" }
sdist = { url = "https://files.pythonhosted.org/packages/89/26/4a96807b193b011588099c3b5c89fbb05294e5b90e71018e065465f34eb6/coverage-7.12.0.tar.gz", hash = "sha256:fc11e0a4e372cb5f282f16ef90d4a585034050ccda536451901abfb19a57f40c", size = 819341, upload-time = "2025-11-18T13:34:20.766Z" }
wheels = [
    { url = "https://files.pythonhosted.org/packages/b8/14/771700b4048774e48d2c54ed0c674273702713c9ee7acdfede40c2666747/coverage-7.12.0-cp313-cp313-macosx_10_13_x86_64.whl", hash = "sha256:47324fffca8d8eae7e185b5bb20c14645f23350f870c1649003618ea91a78941", size = 217725, upload-time = "2025-11-18T13:32:49.22Z" },
    { url = "https://files.pythonhosted.org/packages/17/a7/3aa4144d3bcb719bf67b22d2d51c2d577bf801498c13cb08f64173e80497/coverage-7.12.0-cp313-cp313-macosx_11_0_arm64.whl", hash = "sha256:ccf3b2ede91decd2fb53ec73c1f949c3e034129d1e0b07798ff1d02ea0c8fa4a", size = 218098, upload-time = "2025-11-18T13:32:50.78Z" },
    { url = "https://files.pythonhosted.org/packages/fc/9c/b846bbc774ff81091a12a10203e70562c91ae71badda00c5ae5b613527b1/coverage-7.12.0-cp313-cp313-manylinux1_i686.manylinux_2_28_i686.manylinux_2_5_i686.whl", hash = "sha256:b365adc70a6936c6b0582dc38746b33b2454148c02349345412c6e743efb646d", size = 249093, upload-time = "2025-11-18T13:32:52.554Z" },
    { url = "https://files.pythonhosted.org/packages/76/b6/67d7c0e1f400b32c883e9342de4a8c2ae7c1a0b57c5de87622b7262e2309/coverage-7.12.0-cp313-cp313-manylinux1_x86_64.manylinux_2_28_x86_64.manylinux_2_5_x86_64.whl", hash = "sha256:bc13baf85cd8a4cfcf4a35c7bc9d795837ad809775f782f697bf630b7e200211", size = 251686, upload-time = "2025-11-18T13:32:54.862Z" },
    { url = "https://files.pythonhosted.org/packages/cc/75/b095bd4b39d49c3be4bffbb3135fea18a99a431c52dd7513637c0762fecb/coverage-7.12.0-cp313-cp313-manylinux2014_aarch64.manylinux_2_17_aarch64.manylinux_2_28_aarch64.whl", hash = "sha256:099d11698385d572ceafb3288a5b80fe1fc58bf665b3f9d362389de488361d3d", size = 252930, upload-time = "2025-11-18T13:32:56.417Z" },
    { url = "https://files.pythonhosted.org/packages/6e/f3/466f63015c7c80550bead3093aacabf5380c1220a2a93c35d374cae8f762/coverage-7.12.0-cp313-cp313-manylinux_2_31_riscv64.manylinux_2_39_riscv64.whl", hash = "sha256:473dc45d69694069adb7680c405fb1e81f60b2aff42c81e2f2c3feaf544d878c", size = 249296, upload-time = "2025-11-18T13:32:58.074Z" },
    { url = "https://files.pythonhosted.org/packages/27/86/eba2209bf2b7e28c68698fc13437519a295b2d228ba9e0ec91673e09fa92/coverage-7.12.0-cp313-cp313-musllinux_1_2_aarch64.whl", hash = "sha256:583f9adbefd278e9de33c33d6846aa8f5d164fa49b47144180a0e037f0688bb9", size = 251068, upload-time = "2025-11-18T13:32:59.646Z" },
    { url = "https://files.pythonhosted.org/packages/ec/55/ca8ae7dbba962a3351f18940b359b94c6bafdd7757945fdc79ec9e452dc7/coverage-7.12.0-cp313-cp313-musllinux_1_2_i686.whl", hash = "sha256:b2089cc445f2dc0af6f801f0d1355c025b76c24481935303cf1af28f636688f0", size = 249034, upload-time = "2025-11-18T13:33:01.481Z" },
    { url = "https://files.pythonhosted.org/packages/7a/d7/39136149325cad92d420b023b5fd900dabdd1c3a0d1d5f148ef4a8cedef5/coverage-7.12.0-cp313-cp313-musllinux_1_2_riscv64.whl", hash = "sha256:950411f1eb5d579999c5f66c62a40961f126fc71e5e14419f004471957b51508", size = 248853, upload-time = "2025-11-18T13:33:02.935Z" },
    { url = "https://files.pythonhosted.org/packages/fe/b6/76e1add8b87ef60e00643b0b7f8f7bb73d4bf5249a3be19ebefc5793dd25/coverage-7.12.0-cp313-cp313-musllinux_1_2_x86_64.whl", hash = "sha256:b1aab7302a87bafebfe76b12af681b56ff446dc6f32ed178ff9c092ca776e6bc", size = 250619, upload-time = "2025-11-18T13:33:04.336Z" },
    { url = "https://files.pythonhosted.org/packages/95/87/924c6dc64f9203f7a3c1832a6a0eee5a8335dbe5f1bdadcc278d6f1b4d74/coverage-7.12.0-cp313-cp313-win32.whl", hash = "sha256:d7e0d0303c13b54db495eb636bc2465b2fb8475d4c8bcec8fe4b5ca454dfbae8", size = 220261, upload-time = "2025-11-18T13:33:06.493Z" },
    { url = "https://files.pythonhosted.org/packages/91/77/dd4aff9af16ff776bf355a24d87eeb48fc6acde54c907cc1ea89b14a8804/coverage-7.12.0-cp313-cp313-win_amd64.whl", hash = "sha256:ce61969812d6a98a981d147d9ac583a36ac7db7766f2e64a9d4d059c2fe29d07", size = 221072, upload-time = "2025-11-18T13:33:07.926Z" },
    { url = "https://files.pythonhosted.org/packages/70/49/5c9dc46205fef31b1b226a6e16513193715290584317fd4df91cdaf28b22/coverage-7.12.0-cp313-cp313-win_arm64.whl", hash = "sha256:bcec6f47e4cb8a4c2dc91ce507f6eefc6a1b10f58df32cdc61dff65455031dfc", size = 219702, upload-time = "2025-11-18T13:33:09.631Z" },
    { url = "https://files.pythonhosted.org/packages/9b/62/f87922641c7198667994dd472a91e1d9b829c95d6c29529ceb52132436ad/coverage-7.12.0-cp313-cp313t-macosx_10_13_x86_64.whl", hash = "sha256:459443346509476170d553035e4a3eed7b860f4fe5242f02de1010501956ce87", size = 218420, upload-time = "2025-11-18T13:33:11.153Z" },
    { url = "https://files.pythonhosted.org/packages/85/dd/1cc13b2395ef15dbb27d7370a2509b4aee77890a464fb35d72d428f84871/coverage-7.12.0-cp313-cp313t-macosx_11_0_arm64.whl", hash = "sha256:04a79245ab2b7a61688958f7a855275997134bc84f4a03bc240cf64ff132abf6", size = 218773, upload-time = "2025-11-18T13:33:12.569Z" },
    { url = "https://files.pythonhosted.org/packages/74/40/35773cc4bb1e9d4658d4fb669eb4195b3151bef3bbd6f866aba5cd5dac82/coverage-7.12.0-cp313-cp313t-manylinux1_i686.manylinux_2_28_i686.manylinux_2_5_i686.whl", hash = "sha256:09a86acaaa8455f13d6a99221d9654df249b33937b4e212b4e5a822065f12aa7", size = 260078, upload-time = "2025-11-18T13:33:14.037Z" },
    { url = "https://files.pythonhosted.org/packages/ec/ee/231bb1a6ffc2905e396557585ebc6bdc559e7c66708376d245a1f1d330fc/coverage-7.12.0-cp313-cp313t-manylinux1_x86_64.manylinux_2_28_x86_64.manylinux_2_5_x86_64.whl", hash = "sha256:907e0df1b71ba77463687a74149c6122c3f6aac56c2510a5d906b2f368208560", size = 262144, upload-time = "2025-11-18T13:33:15.601Z" },
    { url = "https://files.pythonhosted.org/packages/28/be/32f4aa9f3bf0b56f3971001b56508352c7753915345d45fab4296a986f01/coverage-7.12.0-cp313-cp313t-manylinux2014_aarch64.manylinux_2_17_aarch64.manylinux_2_28_aarch64.whl", hash = "sha256:9b57e2d0ddd5f0582bae5437c04ee71c46cd908e7bc5d4d0391f9a41e812dd12", size = 264574, upload-time = "2025-11-18T13:33:17.354Z" },
    { url = "https://files.pythonhosted.org/packages/68/7c/00489fcbc2245d13ab12189b977e0cf06ff3351cb98bc6beba8bd68c5902/coverage-7.12.0-cp313-cp313t-manylinux_2_31_riscv64.manylinux_2_39_riscv64.whl", hash = "sha256:58c1c6aa677f3a1411fe6fb28ec3a942e4f665df036a3608816e0847fad23296", size = 259298, upload-time = "2025-11-18T13:33:18.958Z" },
    { url = "https://files.pythonhosted.org/packages/96/b4/f0760d65d56c3bea95b449e02570d4abd2549dc784bf39a2d4721a2d8ceb/coverage-7.12.0-cp313-cp313t-musllinux_1_2_aarch64.whl", hash = "sha256:4c589361263ab2953e3c4cd2a94db94c4ad4a8e572776ecfbad2389c626e4507", size = 262150, upload-time = "2025-11-18T13:33:20.644Z" },
    { url = "https://files.pythonhosted.org/packages/c5/71/9a9314df00f9326d78c1e5a910f520d599205907432d90d1c1b7a97aa4b1/coverage-7.12.0-cp313-cp313t-musllinux_1_2_i686.whl", hash = "sha256:91b810a163ccad2e43b1faa11d70d3cf4b6f3d83f9fd5f2df82a32d47b648e0d", size = 259763, upload-time = "2025-11-18T13:33:22.189Z" },
    { url = "https://files.pythonhosted.org/packages/10/34/01a0aceed13fbdf925876b9a15d50862eb8845454301fe3cdd1df08b2182/coverage-7.12.0-cp313-cp313t-musllinux_1_2_riscv64.whl", hash = "sha256:40c867af715f22592e0d0fb533a33a71ec9e0f73a6945f722a0c85c8c1cbe3a2", size = 258653, upload-time = "2025-11-18T13:33:24.239Z" },
    { url = "https://files.pythonhosted.org/packages/8d/04/81d8fd64928acf1574bbb0181f66901c6c1c6279c8ccf5f84259d2c68ae9/coverage-7.12.0-cp313-cp313t-musllinux_1_2_x86_64.whl", hash = "sha256:68b0d0a2d84f333de875666259dadf28cc67858bc8fd8b3f1eae84d3c2bec455", size = 260856, upload-time = "2025-11-18T13:33:26.365Z" },
    { url = "https://files.pythonhosted.org/packages/f2/76/fa2a37bfaeaf1f766a2d2360a25a5297d4fb567098112f6517475eee120b/coverage-7.12.0-cp313-cp313t-win32.whl", hash = "sha256:73f9e7fbd51a221818fd11b7090eaa835a353ddd59c236c57b2199486b116c6d", size = 220936, upload-time = "2025-11-18T13:33:28.165Z" },
    { url = "https://files.pythonhosted.org/packages/f9/52/60f64d932d555102611c366afb0eb434b34266b1d9266fc2fe18ab641c47/coverage-7.12.0-cp313-cp313t-win_amd64.whl", hash = "sha256:24cff9d1f5743f67db7ba46ff284018a6e9aeb649b67aa1e70c396aa1b7cb23c", size = 222001, upload-time = "2025-11-18T13:33:29.656Z" },
    { url = "https://files.pythonhosted.org/packages/77/df/c303164154a5a3aea7472bf323b7c857fed93b26618ed9fc5c2955566bb0/coverage-7.12.0-cp313-cp313t-win_arm64.whl", hash = "sha256:c87395744f5c77c866d0f5a43d97cc39e17c7f1cb0115e54a2fe67ca75c5d14d", size = 220273, upload-time = "2025-11-18T13:33:31.415Z" },
    { url = "https://files.pythonhosted.org/packages/ce/a3/43b749004e3c09452e39bb56347a008f0a0668aad37324a99b5c8ca91d9e/coverage-7.12.0-py3-none-any.whl", hash = "sha256:159d50c0b12e060b15ed3d39f87ed43d4f7f7ad40b8a534f4dd331adbb51104a", size = 209503, upload-time = "2025-11-18T13:34:18.892Z" },
]

[[package]]
name = "iniconfig"
version = "2.3.0"
source = { registry = "https://pypi.org/simple" }
sdist = { url = "https://files.pythonhosted.org/packages/72/34/14ca021ce8e5dfedc35312d08ba8bf51fdd999c576889fc2c24cb97f4f10/iniconfig-2.3.0.tar.gz", hash = "sha256:c76315c77db068650d49c5b56314774a7804df16fee4402c1f19d6d15d8c4730", size = 20503, upload-time = "2025-10-18T21:55:43.219Z" }
wheels = [
    { url = "https://files.pythonhosted.org/packages/cb/b1/3846dd7f199d53cb17f49cba7e651e9ce294d8497c8c150530ed11865bb8/iniconfig-2.3.0-py3-none-any.whl", hash = "sha256:f631c04d2c48c52b84d0d0549c99ff3859c98df65b3101406327ecc7d53fbf12", size = 7484, upload-time = "2025-10-18T21:55:41.639Z" },
]

[[package]]
name = "packaging"
version = "25.0"
source = { registry = "https://pypi.org/simple" }
sdist = { url = "https://files.pythonhosted.org/packages/a1/d4/1fc4078c65507b51b96ca8f8c3ba19e6a61c8253c72794544580a7b6c24d/packaging-25.0.tar.gz", hash = "sha256:d443872c98d677bf60f6a1f2f8c1cb748e8fe762d2bf9d3148b5599295b0fc4f", size = 165727, upload-time = "2025-04-19T11:48:59.673Z" }
wheels = [
    { url = "https://files.pythonhosted.org/packages/20/12/38679034af332785aac8774540895e234f4d07f7545804097de4b666afd8/packaging-25.0-py3-none-any.whl", hash = "sha256:29572ef2b1f17581046b3a2227d5c611fb25ec70ca1ba8554b24b0e69331a484", size = 66469, upload-time = "2025-04-19T11:48:57.875Z" },
]

[[package]]
name = "pluggy"
version = "1.6.0"
source = { registry = "https://pypi.org/simple" }
sdist = { url = "https://files.pythonhosted.org/packages/f9/e2/3e91f31a7d2b083fe6ef3fa267035b518369d9511ffab804f839851d2779/pluggy-1.6.0.tar.gz", hash = "sha256:7dcc130b76258d33b90f61b658791dede3486c3e6bfb003ee5c9bfb396dd22f3", size = 69412, upload-time = "2025-05-15T12:30:07.975Z" }
wheels = [
    { url = "https://files.pythonhosted.org/packages/54/20/4d324d65cc6d9205fabedc306948156824eb9f0ee1633355a8f7ec5c66bf/pluggy-1.6.0-py3-none-any.whl", hash = "sha256:e920276dd6813095e9377c0bc5566d94c932c33b27a3e3945d8389c374dd4746", size = 20538, upload-time = "2025-05-15T12:30:06.134Z" },
]

[[package]]
name = "pygments"
version = "2.19.2"
source = { registry = "https://pypi.org/simple" }
sdist = { url = "https://files.pythonhosted.org/packages/b0/77/a5b8c569bf593b0140bde72ea885a803b82086995367bf2037de0159d924/pygments-2.19.2.tar.gz", hash = "sha256:636cb2477cec7f8952536970bc533bc43743542f70392ae026374600add5b887", size = 4968631, upload-time = "2025-06-21T13:39:12.283Z" }
wheels = [
    { url = "https://files.pythonhosted.org/packages/c7/21/705964c7812476f378728bdf590ca4b771ec72385c533964653c68e86bdc/pygments-2.19.2-py3-none-any.whl", hash = "sha256:86540386c03d588bb81d44bc3928634ff26449851e99741617ecb9037ee5ec0b", size = 1225217, upload-time = "2025-06-21T13:39:07.939Z" },
]

[[package]]
name = "pyrefly"
version = "0.46.0"
source = { registry = "https://pypi.org/simple" }
sdist = { url = "https://files.pythonhosted.org/packages/41/2e/5bf8c90b553d7d058151293c97d1cde8614a0b7f8e9fbad9641600f109b2/pyrefly-0.46.0.tar.gz", hash = "sha256:4fa77309286f850bf4378b8bdfd15b812a5c2927454ab015f01cbdb7b90dc333", size = 5069085, upload-time = "2025-12-15T12:05:08.923Z" }
wheels = [
    { url = "https://files.pythonhosted.org/packages/93/06/6799fcc02ebb2424063b4ef57ce03d943cbb08a5d3585d9fba422a3309e0/pyrefly-0.46.0-py3-none-macosx_10_12_x86_64.whl", hash = "sha256:d71a303bc218ff4f803eae6e0f757bfea17c809cc145eea09f8f49b6158754ad", size = 11926321, upload-time = "2025-12-15T12:04:49.377Z" },
    { url = "https://files.pythonhosted.org/packages/d6/0a/869e16ef40f0e494ed15c5cec85b9aeac9f0e3523e27ce239b42f957f2e1/pyrefly-0.46.0-py3-none-macosx_11_0_arm64.whl", hash = "sha256:0e7f001e979df4b4e125aa8d3d462978b4ac58ffc1f5bb7cc5e3a7572827a6fd", size = 11545813, upload-time = "2025-12-15T12:04:51.763Z" },
    { url = "https://files.pythonhosted.org/packages/7e/39/7897966edead5fcc02c461b0c5d3e8a006eb84171b874b7362cb923a5cb0/pyrefly-0.46.0-py3-none-manylinux_2_17_aarch64.manylinux2014_aarch64.whl", hash = "sha256:a07fd293b2e7441db7756e6cfa004c9a73da6a0925845947ab3b8ea05e913f99", size = 31558238, upload-time = "2025-12-15T12:04:54.144Z" },
    { url = "https://files.pythonhosted.org/packages/37/bb/77f5854b681c10d33139c816a9894ed89d13c9814278be81e2d459bdd1b8/pyrefly-0.46.0-py3-none-manylinux_2_17_i686.manylinux2014_i686.whl", hash = "sha256:1a893a08feefa3543467b41724ef045e678a806586198c63ce8a670d343ff677", size = 33764532, upload-time = "2025-12-15T12:04:56.978Z" },
    { url = "https://files.pythonhosted.org/packages/70/b0/55efd3ea7a7fa04b396abb4d7f7bd93911f3b2a3f05436291ab7554ca3c8/pyrefly-0.46.0-py3-none-manylinux_2_17_x86_64.manylinux2014_x86_64.whl", hash = "sha256:4d43783984d8cb4167e3d07c96477ba1d8367ef7b6c27621d9cc1af5ccc1cf44", size = 34819583, upload-time = "2025-12-15T12:04:59.461Z" },
    { url = "https://files.pythonhosted.org/packages/e0/bb/f3fb05d6faa2d2eaa46f8efb8036b8a7f2478fca47329b64f3a24aa948a1/pyrefly-0.46.0-py3-none-win32.whl", hash = "sha256:3d8482bc9c3e1e7f881a980906264b2348abb51d61e0cf2dd5c9afcf10197201", size = 11009453, upload-time = "2025-12-15T12:05:02.103Z" },
    { url = "https://files.pythonhosted.org/packages/60/d3/01309bbfa115079cefc1d027fa13ff8803891fc044a32aadfb58d3ee47cc/pyrefly-0.46.0-py3-none-win_amd64.whl", hash = "sha256:7ad8615cfd0523a8fccedeaaa0c963a7577255095a7d945fcf1693cfdde90716", size = 11692961, upload-time = "2025-12-15T12:05:04.449Z" },
    { url = "https://files.pythonhosted.org/packages/ce/96/4369be3bc402f9c41f5b7bfef5d547b9ddf85e6bd48b8ccaa1c5f593c61b/pyrefly-0.46.0-py3-none-win_arm64.whl", hash = "sha256:9c032a30ecba3b1b0f428f1d3bb14fbd63ad0bba60d56b857888372d99ce558f", size = 11238385, upload-time = "2025-12-15T12:05:06.771Z" },
]

[[package]]
name = "pytest"
version = "9.0.2"
source = { registry = "https://pypi.org/simple" }
dependencies = [
    { name = "colorama", marker = "sys_platform == 'win32'" },
    { name = "iniconfig" },
    { name = "packaging" },
    { name = "pluggy" },
    { name = "pygments" },
]
sdist = { url = "https://files.pythonhosted.org/packages/d1/db/7ef3487e0fb0049ddb5ce41d3a49c235bf9ad299b6a25d5780a89f19230f/pytest-9.0.2.tar.gz", hash = "sha256:75186651a92bd89611d1d9fc20f0b4345fd827c41ccd5c299a868a05d70edf11", size = 1568901, upload-time = "2025-12-06T21:30:51.014Z" }
wheels = [
    { url = "https://files.pythonhosted.org/packages/3b/ab/b3226f0bd7cdcf710fbede2b3548584366da3b19b5021e74f5bde2a8fa3f/pytest-9.0.2-py3-none-any.whl", hash = "sha256:711ffd45bf766d5264d487b917733b453d917afd2b0ad65223959f59089f875b", size = 374801, upload-time = "2025-12-06T21:30:49.154Z" },
]

[[package]]
name = "pytest-cov"
version = "7.0.0"
source = { registry = "https://pypi.org/simple" }
dependencies = [
    { name = "coverage" },
    { name = "pluggy" },
    { name = "pytest" },
]
sdist = { url = "https://files.pythonhosted.org/packages/5e/f7/c933acc76f5208b3b00089573cf6a2bc26dc80a8aece8f52bb7d6b1855ca/pytest_cov-7.0.0.tar.gz", hash = "sha256:33c97eda2e049a0c5298e91f519302a1334c26ac65c1a483d6206fd458361af1", size = 54328, upload-time = "2025-09-09T10:57:02.113Z" }
wheels = [
    { url = "https://files.pythonhosted.org/packages/ee/49/1377b49de7d0c1ce41292161ea0f721913fa8722c19fb9c1e3aa0367eecb/pytest_cov-7.0.0-py3-none-any.whl", hash = "sha256:3b8e9558b16cc1479da72058bdecf8073661c7f57f7d3c5f22a1c23507f2d861", size = 22424, upload-time = "2025-09-09T10:57:00.695Z" },
]

[[package]]
name = "ruff"
version = "0.14.10"
source = { registry = "https://pypi.org/simple" }
sdist = { url = "https://files.pythonhosted.org/packages/57/08/52232a877978dd8f9cf2aeddce3e611b40a63287dfca29b6b8da791f5e8d/ruff-0.14.10.tar.gz", hash = "sha256:9a2e830f075d1a42cd28420d7809ace390832a490ed0966fe373ba288e77aaf4", size = 5859763, upload-time = "2025-12-18T19:28:57.98Z" }
wheels = [
    { url = "https://files.pythonhosted.org/packages/60/01/933704d69f3f05ee16ef11406b78881733c186fe14b6a46b05cfcaf6d3b2/ruff-0.14.10-py3-none-linux_armv6l.whl", hash = "sha256:7a3ce585f2ade3e1f29ec1b92df13e3da262178df8c8bdf876f48fa0e8316c49", size = 13527080, upload-time = "2025-12-18T19:29:25.642Z" },
    { url = "https://files.pythonhosted.org/packages/df/58/a0349197a7dfa603ffb7f5b0470391efa79ddc327c1e29c4851e85b09cc5/ruff-0.14.10-py3-none-macosx_10_12_x86_64.whl", hash = "sha256:674f9be9372907f7257c51f1d4fc902cb7cf014b9980152b802794317941f08f", size = 13797320, upload-time = "2025-12-18T19:29:02.571Z" },
    { url = "https://files.pythonhosted.org/packages/7b/82/36be59f00a6082e38c23536df4e71cdbc6af8d7c707eade97fcad5c98235/ruff-0.14.10-py3-none-macosx_11_0_arm64.whl", hash = "sha256:d85713d522348837ef9df8efca33ccb8bd6fcfc86a2cde3ccb4bc9d28a18003d", size = 12918434, upload-time = "2025-12-18T19:28:51.202Z" },
    { url = "https://files.pythonhosted.org/packages/a6/00/45c62a7f7e34da92a25804f813ebe05c88aa9e0c25e5cb5a7d23dd7450e3/ruff-0.14.10-py3-none-manylinux_2_17_aarch64.manylinux2014_aarch64.whl", hash = "sha256:6987ebe0501ae4f4308d7d24e2d0fe3d7a98430f5adfd0f1fead050a740a3a77", size = 13371961, upload-time = "2025-12-18T19:29:04.991Z" },
    { url = "https://files.pythonhosted.org/packages/40/31/a5906d60f0405f7e57045a70f2d57084a93ca7425f22e1d66904769d1628/ruff-0.14.10-py3-none-manylinux_2_17_armv7l.manylinux2014_armv7l.whl", hash = "sha256:16a01dfb7b9e4eee556fbfd5392806b1b8550c9b4a9f6acd3dbe6812b193c70a", size = 13275629, upload-time = "2025-12-18T19:29:21.381Z" },
    { url = "https://files.pythonhosted.org/packages/3e/60/61c0087df21894cf9d928dc04bcd4fb10e8b2e8dca7b1a276ba2155b2002/ruff-0.14.10-py3-none-manylinux_2_17_i686.manylinux2014_i686.whl", hash = "sha256:7165d31a925b7a294465fa81be8c12a0e9b60fb02bf177e79067c867e71f8b1f", size = 14029234, upload-time = "2025-12-18T19:29:00.132Z" },
    { url = "https://files.pythonhosted.org/packages/44/84/77d911bee3b92348b6e5dab5a0c898d87084ea03ac5dc708f46d88407def/ruff-0.14.10-py3-none-manylinux_2_17_ppc64.manylinux2014_ppc64.whl", hash = "sha256:c561695675b972effb0c0a45db233f2c816ff3da8dcfbe7dfc7eed625f218935", size = 15449890, upload-time = "2025-12-18T19:28:53.573Z" },
    { url = "https://files.pythonhosted.org/packages/e9/36/480206eaefa24a7ec321582dda580443a8f0671fdbf6b1c80e9c3e93a16a/ruff-0.14.10-py3-none-manylinux_2_17_ppc64le.manylinux2014_ppc64le.whl", hash = "sha256:4bb98fcbbc61725968893682fd4df8966a34611239c9fd07a1f6a07e7103d08e", size = 15123172, upload-time = "2025-12-18T19:29:23.453Z" },
    { url = "https://files.pythonhosted.org/packages/5c/38/68e414156015ba80cef5473d57919d27dfb62ec804b96180bafdeaf0e090/ruff-0.14.10-py3-none-manylinux_2_17_s390x.manylinux2014_s390x.whl", hash = "sha256:f24b47993a9d8cb858429e97bdf8544c78029f09b520af615c1d261bf827001d", size = 14460260, upload-time = "2025-12-18T19:29:27.808Z" },
    { url = "https://files.pythonhosted.org/packages/b3/19/9e050c0dca8aba824d67cc0db69fb459c28d8cd3f6855b1405b3f29cc91d/ruff-0.14.10-py3-none-manylinux_2_17_x86_64.manylinux2014_x86_64.whl", hash = "sha256:59aabd2e2c4fd614d2862e7939c34a532c04f1084476d6833dddef4afab87e9f", size = 14229978, upload-time = "2025-12-18T19:29:11.32Z" },
    { url = "https://files.pythonhosted.org/packages/51/eb/e8dd1dd6e05b9e695aa9dd420f4577debdd0f87a5ff2fedda33c09e9be8c/ruff-0.14.10-py3-none-manylinux_2_31_riscv64.whl", hash = "sha256:213db2b2e44be8625002dbea33bb9c60c66ea2c07c084a00d55732689d697a7f", size = 14338036, upload-time = "2025-12-18T19:29:09.184Z" },
    { url = "https://files.pythonhosted.org/packages/6a/12/f3e3a505db7c19303b70af370d137795fcfec136d670d5de5391e295c134/ruff-0.14.10-py3-none-musllinux_1_2_aarch64.whl", hash = "sha256:b914c40ab64865a17a9a5b67911d14df72346a634527240039eb3bd650e5979d", size = 13264051, upload-time = "2025-12-18T19:29:13.431Z" },
    { url = "https://files.pythonhosted.org/packages/08/64/8c3a47eaccfef8ac20e0484e68e0772013eb85802f8a9f7603ca751eb166/ruff-0.14.10-py3-none-musllinux_1_2_armv7l.whl", hash = "sha256:1484983559f026788e3a5c07c81ef7d1e97c1c78ed03041a18f75df104c45405", size = 13283998, upload-time = "2025-12-18T19:29:06.994Z" },
    { url = "https://files.pythonhosted.org/packages/12/84/534a5506f4074e5cc0529e5cd96cfc01bb480e460c7edf5af70d2bcae55e/ruff-0.14.10-py3-none-musllinux_1_2_i686.whl", hash = "sha256:c70427132db492d25f982fffc8d6c7535cc2fd2c83fc8888f05caaa248521e60", size = 13601891, upload-time = "2025-12-18T19:28:55.811Z" },
    { url = "https://files.pythonhosted.org/packages/0d/1e/14c916087d8598917dbad9b2921d340f7884824ad6e9c55de948a93b106d/ruff-0.14.10-py3-none-musllinux_1_2_x86_64.whl", hash = "sha256:5bcf45b681e9f1ee6445d317ce1fa9d6cba9a6049542d1c3d5b5958986be8830", size = 14336660, upload-time = "2025-12-18T19:29:16.531Z" },
    { url = "https://files.pythonhosted.org/packages/f2/1c/d7b67ab43f30013b47c12b42d1acd354c195351a3f7a1d67f59e54227ede/ruff-0.14.10-py3-none-win32.whl", hash = "sha256:104c49fc7ab73f3f3a758039adea978869a918f31b73280db175b43a2d9b51d6", size = 13196187, upload-time = "2025-12-18T19:29:19.006Z" },
    { url = "https://files.pythonhosted.org/packages/fb/9c/896c862e13886fae2af961bef3e6312db9ebc6adc2b156fe95e615dee8c1/ruff-0.14.10-py3-none-win_amd64.whl", hash = "sha256:466297bd73638c6bdf06485683e812db1c00c7ac96d4ddd0294a338c62fdc154", size = 14661283, upload-time = "2025-12-18T19:29:30.16Z" },
    { url = "https://files.pythonhosted.org/packages/74/31/b0e29d572670dca3674eeee78e418f20bdf97fa8aa9ea71380885e175ca0/ruff-0.14.10-py3-none-win_arm64.whl", hash = "sha256:e51d046cf6dda98a4633b8a8a771451107413b0f07183b2bef03f075599e44e6", size = 13729839, upload-time = "2025-12-18T19:28:48.636Z" },
]

[[package]]
name = "scrabble"
version = "0.1.0"
source = { editable = "." }

[package.dev-dependencies]
dev = [
    { name = "pyrefly" },
    { name = "pytest" },
    { name = "pytest-cov" },
    { name = "ruff" },
    { name = "ty" },
]
test = [
    { name = "pytest" },
    { name = "pytest-cov" },
]

[package.metadata]

[package.metadata.requires-dev]
dev = [
    { name = "pyrefly", specifier = ">=0.46.0" },
    { name = "pytest", specifier = ">=9.0.2" },
    { name = "pytest-cov", specifier = ">=7.0.0" },
    { name = "ruff", specifier = ">=0.14.10" },
    { name = "ty", specifier = ">=0.0.5" },
]
test = [
    { name = "pytest", specifier = ">=9.0.2" },
    { name = "pytest-cov", specifier = ">=7.0.0" },
]

[[package]]
name = "ty"
version = "0.0.5"
source = { registry = "https://pypi.org/simple" }
sdist = { url = "https://files.pythonhosted.org/packages/9e/db/6299d478000f4f1c6f9bf2af749359381610ffc4cbe6713b66e436ecf6e7/ty-0.0.5.tar.gz", hash = "sha256:983da6330773ff71e2b249810a19c689f9a0372f6e21bbf7cde37839d05b4346", size = 4806218, upload-time = "2025-12-20T21:19:17.24Z" }
wheels = [
    { url = "https://files.pythonhosted.org/packages/7c/98/c1f61ba378b4191e641bb36c07b7fcc70ff844d61be7a4bf2fea7472b4a9/ty-0.0.5-py3-none-linux_armv6l.whl", hash = "sha256:1594cd9bb68015eb2f5a3c68a040860f3c9306dc6667d7a0e5f4df9967b460e2", size = 9785554, upload-time = "2025-12-20T21:19:05.024Z" },
    { url = "https://files.pythonhosted.org/packages/ab/f9/b37b77c03396bd779c1397dae4279b7ad79315e005b3412feed8812a4256/ty-0.0.5-py3-none-macosx_10_12_x86_64.whl", hash = "sha256:7c0140ba980233d28699d9ddfe8f43d0b3535d6a3bbff9935df625a78332a3cf", size = 9603995, upload-time = "2025-12-20T21:19:15.256Z" },
    { url = "https://files.pythonhosted.org/packages/7d/70/4e75c11903b0e986c0203040472627cb61d6a709e1797fb08cdf9d565743/ty-0.0.5-py3-none-macosx_11_0_arm64.whl", hash = "sha256:15de414712cde92048ae4b1a77c4dc22920bd23653fe42acaf73028bad88f6b9", size = 9145815, upload-time = "2025-12-20T21:19:36.481Z" },
    { url = "https://files.pythonhosted.org/packages/89/05/93983dfcf871a41dfe58e5511d28e6aa332a1f826cc67333f77ae41a2f8a/ty-0.0.5-py3-none-manylinux_2_17_aarch64.manylinux2014_aarch64.whl", hash = "sha256:438aa51ad6c5fae64191f8d58876266e26f9250cf09f6624b6af47a22fa88618", size = 9619849, upload-time = "2025-12-20T21:19:19.084Z" },
    { url = "https://files.pythonhosted.org/packages/82/b6/896ab3aad59f846823f202e94be6016fb3f72434d999d2ae9bd0f28b3af9/ty-0.0.5-py3-none-manylinux_2_17_armv7l.manylinux2014_armv7l.whl", hash = "sha256:1b3d373fd96af1564380caf153600481c676f5002ee76ba8a7c3508cdff82ee0", size = 9606611, upload-time = "2025-12-20T21:19:24.583Z" },
    { url = "https://files.pythonhosted.org/packages/ca/ae/098e33fc92330285ed843e2750127e896140c4ebd2d73df7732ea496f588/ty-0.0.5-py3-none-manylinux_2_17_i686.manylinux2014_i686.whl", hash = "sha256:8453692503212ad316cf8b99efbe85a91e5f63769c43be5345e435a1b16cba5a", size = 10029523, upload-time = "2025-12-20T21:19:07.055Z" },
    { url = "https://files.pythonhosted.org/packages/04/5a/f4b4c33758b9295e9aca0de9645deca0f4addd21d38847228723a6e780fc/ty-0.0.5-py3-none-manylinux_2_17_ppc64.manylinux2014_ppc64.whl", hash = "sha256:2e4c454139473abbd529767b0df7a795ed828f780aef8d0d4b144558c0dc4446", size = 10870892, upload-time = "2025-12-20T21:19:34.495Z" },
    { url = "https://files.pythonhosted.org/packages/c3/c5/4e3e7e88389365aa1e631c99378711cf0c9d35a67478cb4720584314cf44/ty-0.0.5-py3-none-manylinux_2_17_ppc64le.manylinux2014_ppc64le.whl", hash = "sha256:426d4f3b82475b1ec75f3cc9ee5a667c8a4ae8441a09fcd8e823a53b706d00c7", size = 10599291, upload-time = "2025-12-20T21:19:26.557Z" },
    { url = "https://files.pythonhosted.org/packages/c1/5d/138f859ea87bd95e17b9818e386ae25a910e46521c41d516bf230ed83ffc/ty-0.0.5-py3-none-manylinux_2_17_s390x.manylinux2014_s390x.whl", hash = "sha256:5710817b67c6b2e4c0224e4f319b7decdff550886e9020f6d46aa1ce8f89a609", size = 10413515, upload-time = "2025-12-20T21:19:11.094Z" },
    { url = "https://files.pythonhosted.org/packages/27/21/1cbcd0d3b1182172f099e88218137943e0970603492fb10c7c9342369d9a/ty-0.0.5-py3-none-manylinux_2_17_x86_64.manylinux2014_x86_64.whl", hash = "sha256:e23c55ef08882c7c5ced1ccb90b4eeefa97f690aea254f58ac0987896c590f76", size = 10144992, upload-time = "2025-12-20T21:19:13.225Z" },
    { url = "https://files.pythonhosted.org/packages/ad/30/fdac06a5470c09ad2659a0806497b71f338b395d59e92611f71b623d05a0/ty-0.0.5-py3-none-musllinux_1_2_aarch64.whl", hash = "sha256:b9e4c1a28a23b14cf8f4f793f4da396939f16c30bfa7323477c8cc234e352ac4", size = 9606408, upload-time = "2025-12-20T21:19:09.212Z" },
    { url = "https://files.pythonhosted.org/packages/09/93/e99dcd7f53295192d03efd9cbcec089a916f49cad4935c0160ea9adbd53d/ty-0.0.5-py3-none-musllinux_1_2_armv7l.whl", hash = "sha256:4e9ebb61529b9745af662e37c37a01ad743cdd2c95f0d1421705672874d806cd", size = 9630040, upload-time = "2025-12-20T21:19:38.165Z" },
    { url = "https://files.pythonhosted.org/packages/d7/f8/6d1e87186e4c35eb64f28000c1df8fd5f73167ce126c5e3dd21fd1204a23/ty-0.0.5-py3-none-musllinux_1_2_i686.whl", hash = "sha256:5eb191a8e332f50f56dfe45391bdd7d43dd4ef6e60884710fd7ce84c5d8c1eb5", size = 9754016, upload-time = "2025-12-20T21:19:32.79Z" },
    { url = "https://files.pythonhosted.org/packages/28/e6/20f989342cb3115852dda404f1d89a10a3ce93f14f42b23f095a3d1a00c9/ty-0.0.5-py3-none-musllinux_1_2_x86_64.whl", hash = "sha256:92ed7451a1e82ee134a2c24ca43b74dd31e946dff2b08e5c34473e6b051de542", size = 10252877, upload-time = "2025-12-20T21:19:20.787Z" },
    { url = "https://files.pythonhosted.org/packages/57/9d/fc66fa557443233dfad9ae197ff3deb70ae0efcfb71d11b30ef62f5cdcc3/ty-0.0.5-py3-none-win32.whl", hash = "sha256:71f6707e4c1c010c158029a688a498220f28bb22fdb6707e5c20e09f11a5e4f2", size = 9212640, upload-time = "2025-12-20T21:19:30.817Z" },
    { url = "https://files.pythonhosted.org/packages/68/b6/05c35f6dea29122e54af0e9f8dfedd0a100c721affc8cc801ebe2bc2ed13/ty-0.0.5-py3-none-win_amd64.whl", hash = "sha256:2b8b754a0d7191e94acdf0c322747fec34371a4d0669f5b4e89549aef28814ae", size = 10034701, upload-time = "2025-12-20T21:19:28.311Z" },
    { url = "https://files.pythonhosted.org/packages/df/ca/4201ed5cb2af73912663d0c6ded927c28c28b3c921c9348aa8d2cfef4853/ty-0.0.5-py3-none-win_arm64.whl", hash = "sha256:83bea5a5296caac20d52b790ded2b830a7ff91c4ed9f36730fe1f393ceed6654", size = 9566474, upload-time = "2025-12-20T21:19:22.518Z" },
]
