version = 1
revision = 3
requires-python = "==3.13.*"

[[package]]
name = "colorama"
version = "0.4.6"
source = { registry = "https://pypi.org/simple" }
sdist = { url = "https://files.pythonhosted.org/packages/d8/53/6f443c9a4a8358a93a6792e2acffb9d9d5cb0a5cfd8802644b7b1c9a02e4/colorama-0.4.6.tar.gz", hash = "sha256:08695f5cb7ed6e0531a20572697297273c47b8cae5a63ffc6d6ed5c201be6e44", size = 27697, upload-time = "2022-10-25T02:36:22.414Z" }
wheels = [
    { url = "https://files.pythonhosted.org/packages/d1/d6/3965ed04c63042e047cb6a3e6ed1a63a35087b6a609aa3a15ed8ac56c221/colorama-0.4.6-py2.py3-none-any.whl", hash = "sha256:4f1d9991f5acc0ca119f9d443620b77f9d6b33703e51011c16baf57afb285fc6", size = 25335, upload-time = "2022-10-25T02:36:20.889Z" },
]

[[package]]
name = "coverage"
version = "7.12.0"
source = { registry = "https://pypi.org/simple" }
sdist = { url = "https://files.pythonhosted.org/packages/89/26/4a96807b193b011588099c3b5c89fbb05294e5b90e71018e065465f34eb6/coverage-7.12.0.tar.gz", hash = "sha256:fc11e0a4e372cb5f282f16ef90d4a585034050ccda536451901abfb19a57f40c", size = 819341, upload-time = "2025-11-18T13:34:20.766Z" }
wheels = [
    { url = "https://files.pythonhosted.org/packages/b8/14/771700b4048774e48d2c54ed0c674273702713c9ee7acdfede40c2666747/coverage-7.12.0-cp313-cp313-macosx_10_13_x86_64.whl", hash = "sha256:47324fffca8d8eae7e185b5bb20c14645f23350f870c1649003618ea91a78941", size = 217725, upload-time = "2025-11-18T13:32:49.22Z" },
    { url = "https://files.pythonhosted.org/packages/17/a7/3aa4144d3bcb719bf67b22d2d51c2d577bf801498c13cb08f64173e80497/coverage-7.12.0-cp313-cp313-macosx_11_0_arm64.whl", hash = "sha256:ccf3b2ede91decd2fb53ec73c1f949c3e034129d1e0b07798ff1d02ea0c8fa4a", size = 218098, upload-time = "2025-11-18T13:32:50.78Z" },
    { url = "https://files.pythonhosted.org/packages/fc/9c/b846bbc774ff81091a12a10203e70562c91ae71badda00c5ae5b613527b1/coverage-7.12.0-cp313-cp313-manylinux1_i686.manylinux_2_28_i686.manylinux_2_5_i686.whl", hash = "sha256:b365adc70a6936c6b0582dc38746b33b2454148c02349345412c6e743efb646d", size = 249093, upload-time = "2025-11-18T13:32:52.554Z" },
    { url = "https://files.pythonhosted.org/packages/76/b6/67d7c0e1f400b32c883e9342de4a8c2ae7c1a0b57c5de87622b7262e2309/coverage-7.12.0-cp313-cp313-manylinux1_x86_64.manylinux_2_28_x86_64.manylinux_2_5_x86_64.whl", hash = "sha256:bc13baf85cd8a4cfcf4a35c7bc9d795837ad809775f782f697bf630b7e200211", size = 251686, upload-time = "2025-11-18T13:32:54.862Z" },
    { url = "https://files.pythonhosted.org/packages/cc/75/b095bd4b39d49c3be4bffbb3135fea18a99a431c52dd7513637c0762fecb/coverage-7.12.0-cp313-cp313-manylinux2014_aarch64.manylinux_2_17_aarch64.manylinux_2_28_aarch64.whl", hash = "sha256:099d11698385d572ceafb3288a5b80fe1fc58bf665b3f9d362389de488361d3d", size = 252930, upload-time = "2025-11-18T13:32:56.417Z" },
    { url = "https://files.pythonhosted.org/packages/6e/f3/466f63015c7c80550bead3093aacabf5380c1220a2a93c35d374cae8f762/coverage-7.12.0-cp313-cp313-manylinux_2_31_riscv64.manylinux_2_39_riscv64.whl", hash = "sha256:473dc45d69694069adb7680c405fb1e81f60b2aff42c81e2f2c3feaf544d878c", size = 249296, upload-time = "2025-11-18T13:32:58.074Z" },
    { url = "https://files.pythonhosted.org/packages/27/86/eba2209bf2b7e28c68698fc13437519a295b2d228ba9e0ec91673e09fa92/coverage-7.12.0-cp313-cp313-musllinux_1_2_aarch64.whl", hash = "sha256:583f9adbefd278e9de33c33d6846aa8f5d164fa49b47144180a0e037f0688bb9", size = 251068, upload-time = "2025-11-18T13:32:59.646Z" },
    { url = "https://files.pythonhosted.org/packages/ec/55/ca8ae7dbba962a3351f18940b359b94c6bafdd7757945fdc79ec9e452dc7/coverage-7.12.0-cp313-cp313-musllinux_1_2_i686.whl", hash = "sha256:b2089cc445f2dc0af6f801f0d1355c025b76c24481935303cf1af28f636688f0", size = 249034, upload-time = "2025-11-18T13:33:01.481Z" },
    { url = "https://files.pythonhosted.org/packages/7a/d7/39136149325cad92d420b023b5fd900dabdd1c3a0d1d5f148ef4a8cedef5/coverage-7.12.0-cp313-cp313-musllinux_1_2_riscv64.whl", hash = "sha256:950411f1eb5d579999c5f66c62a40961f126fc71e5e14419f004471957b51508", size = 248853, upload-time = "2025-11-18T13:33:02.935Z" },
    { url = "https://files.pythonhosted.org/packages/fe/b6/76e1add8b87ef60e00643b0b7f8f7bb73d4bf5249a3be19ebefc5793dd25/coverage-7.12.0-cp313-cp313-musllinux_1_2_x86_64.whl", hash = "sha256:b1aab7302a87bafebfe76b12af681b56ff446dc6f32ed178ff9c092ca776e6bc", size = 250619, upload-time = "2025-11-18T13:33:04.336Z" },
    { url = "https://files.pythonhosted.org/packages/95/87/924c6dc64f9203f7a3c1832a6a0eee5a8335dbe5f1bdadcc278d6f1b4d74/coverage-7.12.0-cp313-cp313-win32.whl", hash = "sha256:d7e0d0303c13b54db495eb636bc2465b2fb8475d4c8bcec8fe4b5ca454dfbae8", size = 220261, upload-time = "2025-11-18T13:33:06.493Z" },
    { url = "https://files.pythonhosted.org/packages/91/77/dd4aff9af16ff776bf355a24d87eeb48fc6acde54c907cc1ea89b14a8804/coverage-7.12.0-cp313-cp313-win_amd64.whl", hash = "sha256:ce61969812d6a98a981d147d9ac583a36ac7db7766f2e64a9d4d059c2fe29d07", size = 221072, upload-time = "2025-11-18T13:33:07.926Z" },
    { url = "https://files.pythonhosted.org/packages/70/49/5c9dc46205fef31b1b226a6e16513193715290584317fd4df91cdaf28b22/coverage-7.12.0-cp313-cp313-win_arm64.whl", hash = "sha256:bcec6f47e4cb8a4c2dc91ce507f6eefc6a1b10f58df32cdc61dff65455031dfc", size = 219702, upload-time = "2025-11-18T13:33:09.631Z" },
    { url = "https://files.pythonhosted.org/packages/9b/62/f87922641c7198667994dd472a91e1d9b829c95d6c29529ceb52132436ad/coverage-7.12.0-cp313-cp313t-macosx_10_13_x86_64.whl", hash = "sha256:459443346509476170d553035e4a3eed7b860f4fe5242f02de1010501956ce87", size = 218420, upload-time = "2025-11-18T13:33:11.153Z" },
    { url = "https://files.pythonhosted.org/packages/85/dd/1cc13b2395ef15dbb27d7370a2509b4aee77890a464fb35d72d428f84871/coverage-7.12.0-cp313-cp313t-macosx_11_0_arm64.whl", hash = "sha256:04a79245ab2b7a61688958f7a855275997134bc84f4a03bc240cf64ff132abf6", size = 218773, upload-time = "2025-11-18T13:33:12.569Z" },
    { url = "https://files.pythonhosted.org/packages/74/40/35773cc4bb1e9d4658d4fb669eb4195b3151bef3bbd6f866aba5cd5dac82/coverage-7.12.0-cp313-cp313t-manylinux1_i686.manylinux_2_28_i686.manylinux_2_5_i686.whl", hash = "sha256:09a86acaaa8455f13d6a99221d9654df249b33937b4e212b4e5a822065f12aa7", size = 260078, upload-time = "2025-11-18T13:33:14.037Z" },
    { url = "https://files.pythonhosted.org/packages/ec/ee/231bb1a6ffc2905e396557585ebc6bdc559e7c66708376d245a1f1d330fc/coverage-7.12.0-cp313-cp313t-manylinux1_x86_64.manylinux_2_28_x86_64.manylinux_2_5_x86_64.whl", hash = "sha256:907e0df1b71ba77463687a74149c6122c3f6aac56c2510a5d906b2f368208560", size = 262144, upload-time = "2025-11-18T13:33:15.601Z" },
    { url = "https://files.pythonhosted.org/packages/28/be/32f4aa9f3bf0b56f3971001b56508352c7753915345d45fab4296a986f01/coverage-7.12.0-cp313-cp313t-manylinux2014_aarch64.manylinux_2_17_aarch64.manylinux_2_28_aarch64.whl", hash = "sha256:9b57e2d0ddd5f0582bae5437c04ee71c46cd908e7bc5d4d0391f9a41e812dd12", size = 264574, upload-time = "2025-11-18T13:33:17.354Z" },
    { url = "https://files.pythonhosted.org/packages/68/7c/00489fcbc2245d13ab12189b977e0cf06ff3351cb98bc6beba8bd68c5902/coverage-7.12.0-cp313-cp313t-manylinux_2_31_riscv64.manylinux_2_39_riscv64.whl", hash = "sha256:58c1c6aa677f3a1411fe6fb28ec3a942e4f665df036a3608816e0847fad23296", size = 259298, upload-time = "2025-11-18T13:33:18.958Z" },
    { url = "https://files.pythonhosted.org/packages/96/b4/f0760d65d56c3bea95b449e02570d4abd2549dc784bf39a2d4721a2d8ceb/coverage-7.12.0-cp313-cp313t-musllinux_1_2_aarch64.whl", hash = "sha256:4c589361263ab2953e3c4cd2a94db94c4ad4a8e572776ecfbad2389c626e4507", size = 262150, upload-time = "2025-11-18T13:33:20.644Z" },
    { url = "https://files.pythonhosted.org/packages/c5/71/9a9314df00f9326d78c1e5a910f520d599205907432d90d1c1b7a97aa4b1/coverage-7.12.0-cp313-cp313t-musllinux_1_2_i686.whl", hash = "sha256:91b810a163ccad2e43b1faa11d70d3cf4b6f3d83f9fd5f2df82a32d47b648e0d", size = 259763, upload-time = "2025-11-18T13:33:22.189Z" },
    { url = "https://files.pythonhosted.org/packages/10/34/01a0aceed13fbdf925876b9a15d50862eb8845454301fe3cdd1df08b2182/coverage-7.12.0-cp313-cp313t-musllinux_1_2_riscv64.whl", hash = "sha256:40c867af715f22592e0d0fb533a33a71ec9e0f73a6945f722a0c85c8c1cbe3a2", size = 258653, upload-time = "2025-11-18T13:33:24.239Z" },
    { url = "https://files.pythonhosted.org/packages/8d/04/81d8fd64928acf1574bbb0181f66901c6c1c6279c8ccf5f84259d2c68ae9/coverage-7.12.0-cp313-cp313t-musllinux_1_2_x86_64.whl", hash = "sha256:68b0d0a2d84f333de875666259dadf28cc67858bc8fd8b3f1eae84d3c2bec455", size = 260856, upload-time = "2025-11-18T13:33:26.365Z" },
    { url = "https://files.pythonhosted.org/packages/f2/76/fa2a37bfaeaf1f766a2d2360a25a5297d4fb567098112f6517475eee120b/coverage-7.12.0-cp313-cp313t-win32.whl", hash = "sha256:73f9e7fbd51a221818fd11b7090eaa835a353ddd59c236c57b2199486b116c6d", size = 220936, upload-time = "2025-11-18T13:33:28.165Z" },
    { url = "https://files.pythonhosted.org/packages/f9/52/60f64d932d555102611c366afb0eb434b34266b1d9266fc2fe18ab641c47/coverage-7.12.0-cp313-cp313t-win_amd64.whl", hash = "sha256:24cff9d1f5743f67db7ba46ff284018a6e9aeb649b67aa1e70c396aa1b7cb23c", size = 222001, upload-time = "2025-11-18T13:33:29.656Z" },
    { url = "https://files.pythonhosted.org/packages/77/df/c303164154a5a3aea7472bf323b7c857fed93b26618ed9fc5c2955566bb0/coverage-7.12.0-cp313-cp313t-win_arm64.whl", hash = "sha256:c87395744f5c77c866d0f5a43d97cc39e17c7f1cb0115e54a2fe67ca75c5d14d", size = 220273, upload-time = "2025-11-18T13:33:31.415Z" },
    { url = "https://files.pythonhosted.org/packages/ce/a3/43b749004e3c09452e39bb56347a008f0a0668aad37324a99b5c8ca91d9e/coverage-7.12.0-py3-none-any.whl", hash = "sha256:159d50c0b12e060b15ed3d39f87ed43d4f7f7ad40b8a534f4dd331adbb51104a", size = 209503, upload-time = "2025-11-18T13:34:18.892Z" },
]

[[package]]
name = "iniconfig"
version = "2.3.0"
source = { registry = "https://pypi.org/simple" }
sdist = { url = "https://files.pythonhosted.org/packages/72/34/14ca021ce8e5dfedc35312d08ba8bf51fdd999c576889fc2c24cb97f4f10/iniconfig-2.3.0.tar.gz", hash = "sha256:c76315c77db068650d49c5b56314774a7804df16fee4402c1f19d6d15d8c4730", size = 20503, upload-time = "2025-10-18T21:55:43.219Z" }
wheels = [
    { url = "https://files.pythonhosted.org/packages/cb/b1/3846dd7f199d53cb17f49cba7e651e9ce294d8497c8c150530ed11865bb8/iniconfig-2.3.0-py3-none-any.whl", hash = "sha256:f631c04d2c48c52b84d0d0549c99ff3859c98df65b3101406327ecc7d53fbf12", size = 7484, upload-time = "2025-10-18T21:55:41.639Z" },
]

[[package]]
name = "packaging"
version = "25.0"
source = { registry = "https://pypi.org/simple" }
sdist = { url = "https://files.pythonhosted.org/packages/a1/d4/1fc4078c65507b51b96ca8f8c3ba19e6a61c8253c72794544580a7b6c24d/packaging-25.0.tar.gz", hash = "sha256:d443872c98d677bf60f6a1f2f8c1cb748e8fe762d2bf9d3148b5599295b0fc4f", size = 165727, upload-time = "2025-04-19T11:48:59.673Z" }
wheels = [
    { url = "https://files.pythonhosted.org/packages/20/12/38679034af332785aac8774540895e234f4d07f7545804097de4b666afd8/packaging-25.0-py3-none-any.whl", hash = "sha256:29572ef2b1f17581046b3a2227d5c611fb25ec70ca1ba8554b24b0e69331a484", size = 66469, upload-time = "2025-04-19T11:48:57.875Z" },
]

[[package]]
name = "pluggy"
version = "1.6.0"
source = { registry = "https://pypi.org/simple" }
sdist = { url = "https://files.pythonhosted.org/packages/f9/e2/3e91f31a7d2b083fe6ef3fa267035b518369d9511ffab804f839851d2779/pluggy-1.6.0.tar.gz", hash = "sha256:7dcc130b76258d33b90f61b658791dede3486c3e6bfb003ee5c9bfb396dd22f3", size = 69412, upload-time = "2025-05-15T12:30:07.975Z" }
wheels = [
    { url = "https://files.pythonhosted.org/packages/54/20/4d324d65cc6d9205fabedc306948156824eb9f0ee1633355a8f7ec5c66bf/pluggy-1.6.0-py3-none-any.whl", hash = "sha256:e920276dd6813095e9377c0bc5566d94c932c33b27a3e3945d8389c374dd4746", size = 20538, upload-time = "2025-05-15T12:30:06.134Z" },
]

[[package]]
name = "pygments"
version = "2.19.2"
source = { registry = "https://pypi.org/simple" }
sdist = { url = "https://files.pythonhosted.org/packages/b0/77/a5b8c569bf593b0140bde72ea885a803b82086995367bf2037de0159d924/pygments-2.19.2.tar.gz", hash = "sha256:636cb2477cec7f8952536970bc533bc43743542f70392ae026374600add5b887", size = 4968631, upload-time = "2025-06-21T13:39:12.283Z" }
wheels = [
    { url = "https://files.pythonhosted.org/packages/c7/21/705964c7812476f378728bdf590ca4b771ec72385c533964653c68e86bdc/pygments-2.19.2-py3-none-any.whl", hash = "sha256:86540386c03d588bb81d44bc3928634ff26449851e99741617ecb9037ee5ec0b", size = 1225217, upload-time = "2025-06-21T13:39:07.939Z" },
]

[[package]]
name = "pyrefly"
version = "0.44.2"
source = { registry = "https://pypi.org/simple" }
sdist = { url = "https://files.pythonhosted.org/packages/7f/14/776b57e4afe34f16c320862a49506d5a52f92a9285ba9a419034f4aade0b/pyrefly-0.44.2.tar.gz", hash = "sha256:aea4180b3faff60f36cfa2477e8d8874f79ac5bd90a029a7fc2cd906be3e877f", size = 3955678, upload-time = "2025-12-05T19:33:17.783Z" }
wheels = [
    { url = "https://files.pythonhosted.org/packages/71/03/f0d5591e655da4830b45a364a91ad47bda2d100f7dcf4fccef5b3151efa0/pyrefly-0.44.2-py3-none-macosx_10_12_x86_64.whl", hash = "sha256:a9b286acf97e22e299a5a8ec9c284cc71a01726f25be9d6afb06006c1a5a8bdc", size = 10004355, upload-time = "2025-12-05T19:33:00.637Z" },
    { url = "https://files.pythonhosted.org/packages/04/2c/db6357371dd1ba7915ebc3a4c22095b247edc3e2d4abc0d4d77c527a31ba/pyrefly-0.44.2-py3-none-macosx_11_0_arm64.whl", hash = "sha256:99401b6e8027338f95a27a74244d72b2081087719cd5d14e65b96749fee9c270", size = 9600863, upload-time = "2025-12-05T19:33:03.006Z" },
    { url = "https://files.pythonhosted.org/packages/3e/c1/25db6f0d07f136e7e15f8ee4a7867b8923ba22c1b7a403b5005a340caae6/pyrefly-0.44.2-py3-none-manylinux_2_17_aarch64.manylinux2014_aarch64.whl", hash = "sha256:ade81e67c0f3bfa898d2a77b50d6d101b731ae56416d8cc3652b0c7d14234311", size = 9843820, upload-time = "2025-12-05T19:33:05.185Z" },
    { url = "https://files.pythonhosted.org/packages/af/2b/aa4556a0aa30ab56eec19011df462b70292359fada9d33a07fbbd57fab53/pyrefly-0.44.2-py3-none-manylinux_2_17_i686.manylinux2014_i686.whl", hash = "sha256:37ebf900c349e19d9ec4fc2a89217f9f16badb3643c2fcc52d3b910d7ab7c0a4", size = 10687055, upload-time = "2025-12-05T19:33:07.415Z" },
    { url = "https://files.pythonhosted.org/packages/9e/97/4991142e45dc3ea6ef68a585ac75653c9bd66a8576e3c5183b3d06e2bea7/pyrefly-0.44.2-py3-none-manylinux_2_17_x86_64.manylinux2014_x86_64.whl", hash = "sha256:fe1f9fe1bab39be26ae3fe3139713e77bf0cd0383583f0f97e330a6e120b9f18", size = 10329780, upload-time = "2025-12-05T19:33:09.664Z" },
    { url = "https://files.pythonhosted.org/packages/76/36/51419f03f27decfbd84feaf580f68c4e693e19aa9b002f10014cdd28ce72/pyrefly-0.44.2-py3-none-win32.whl", hash = "sha256:2f8ff8522e7dbc618d03ddc06d02db15735c4c521a148331aff26c376ed2712b", size = 9760196, upload-time = "2025-12-05T19:33:11.882Z" },
    { url = "https://files.pythonhosted.org/packages/d6/da/a3ca9782d6cfaa603b303b54be514a3d93faac0092ea081716c18438ec70/pyrefly-0.44.2-py3-none-win_amd64.whl", hash = "sha256:9934348da78163b391b309f81b68ba6ac482330a3dfa5ca7e62a1741a963b158", size = 10427232, upload-time = "2025-12-05T19:33:13.791Z" },
    { url = "https://files.pythonhosted.org/packages/6e/d2/4cdcda4943063a42556fe6a064bc0b111479cc4380d5f39a3079cbef95a4/pyrefly-0.44.2-py3-none-win_arm64.whl", hash = "sha256:9c8699cd0087fa819b8e77bf9b801f7362c8d5b3ffafbd262a5360e89a8042e0", size = 9995649, upload-time = "2025-12-05T19:33:15.62Z" },
]

[[package]]
name = "pytest"
version = "9.0.2"
source = { registry = "https://pypi.org/simple" }
dependencies = [
    { name = "colorama", marker = "sys_platform == 'win32'" },
    { name = "iniconfig" },
    { name = "packaging" },
    { name = "pluggy" },
    { name = "pygments" },
]
sdist = { url = "https://files.pythonhosted.org/packages/d1/db/7ef3487e0fb0049ddb5ce41d3a49c235bf9ad299b6a25d5780a89f19230f/pytest-9.0.2.tar.gz", hash = "sha256:75186651a92bd89611d1d9fc20f0b4345fd827c41ccd5c299a868a05d70edf11", size = 1568901, upload-time = "2025-12-06T21:30:51.014Z" }
wheels = [
    { url = "https://files.pythonhosted.org/packages/3b/ab/b3226f0bd7cdcf710fbede2b3548584366da3b19b5021e74f5bde2a8fa3f/pytest-9.0.2-py3-none-any.whl", hash = "sha256:711ffd45bf766d5264d487b917733b453d917afd2b0ad65223959f59089f875b", size = 374801, upload-time = "2025-12-06T21:30:49.154Z" },
]

[[package]]
name = "pytest-cov"
version = "7.0.0"
source = { registry = "https://pypi.org/simple" }
dependencies = [
    { name = "coverage" },
    { name = "pluggy" },
    { name = "pytest" },
]
sdist = { url = "https://files.pythonhosted.org/packages/5e/f7/c933acc76f5208b3b00089573cf6a2bc26dc80a8aece8f52bb7d6b1855ca/pytest_cov-7.0.0.tar.gz", hash = "sha256:33c97eda2e049a0c5298e91f519302a1334c26ac65c1a483d6206fd458361af1", size = 54328, upload-time = "2025-09-09T10:57:02.113Z" }
wheels = [
    { url = "https://files.pythonhosted.org/packages/ee/49/1377b49de7d0c1ce41292161ea0f721913fa8722c19fb9c1e3aa0367eecb/pytest_cov-7.0.0-py3-none-any.whl", hash = "sha256:3b8e9558b16cc1479da72058bdecf8073661c7f57f7d3c5f22a1c23507f2d861", size = 22424, upload-time = "2025-09-09T10:57:00.695Z" },
]

[[package]]
name = "ruff"
version = "0.14.8"
source = { registry = "https://pypi.org/simple" }
sdist = { url = "https://files.pythonhosted.org/packages/ed/d9/f7a0c4b3a2bf2556cd5d99b05372c29980249ef71e8e32669ba77428c82c/ruff-0.14.8.tar.gz", hash = "sha256:774ed0dd87d6ce925e3b8496feb3a00ac564bea52b9feb551ecd17e0a23d1eed", size = 5765385, upload-time = "2025-12-04T15:06:17.669Z" }
wheels = [
    { url = "https://files.pythonhosted.org/packages/48/b8/9537b52010134b1d2b72870cc3f92d5fb759394094741b09ceccae183fbe/ruff-0.14.8-py3-none-linux_armv6l.whl", hash = "sha256:ec071e9c82eca417f6111fd39f7043acb53cd3fde9b1f95bbed745962e345afb", size = 13441540, upload-time = "2025-12-04T15:06:14.896Z" },
    { url = "https://files.pythonhosted.org/packages/24/00/99031684efb025829713682012b6dd37279b1f695ed1b01725f85fd94b38/ruff-0.14.8-py3-none-macosx_10_12_x86_64.whl", hash = "sha256:8cdb162a7159f4ca36ce980a18c43d8f036966e7f73f866ac8f493b75e0c27e9", size = 13669384, upload-time = "2025-12-04T15:06:51.809Z" },
    { url = "https://files.pythonhosted.org/packages/72/64/3eb5949169fc19c50c04f28ece2c189d3b6edd57e5b533649dae6ca484fe/ruff-0.14.8-py3-none-macosx_11_0_arm64.whl", hash = "sha256:2e2fcbefe91f9fad0916850edf0854530c15bd1926b6b779de47e9ab619ea38f", size = 12806917, upload-time = "2025-12-04T15:06:08.925Z" },
    { url = "https://files.pythonhosted.org/packages/c4/08/5250babb0b1b11910f470370ec0cbc67470231f7cdc033cee57d4976f941/ruff-0.14.8-py3-none-manylinux_2_17_aarch64.manylinux2014_aarch64.whl", hash = "sha256:a9d70721066a296f45786ec31916dc287b44040f553da21564de0ab4d45a869b", size = 13256112, upload-time = "2025-12-04T15:06:23.498Z" },
    { url = "https://files.pythonhosted.org/packages/78/4c/6c588e97a8e8c2d4b522c31a579e1df2b4d003eddfbe23d1f262b1a431ff/ruff-0.14.8-py3-none-manylinux_2_17_armv7l.manylinux2014_armv7l.whl", hash = "sha256:2c87e09b3cd9d126fc67a9ecd3b5b1d3ded2b9c7fce3f16e315346b9d05cfb52", size = 13227559, upload-time = "2025-12-04T15:06:33.432Z" },
    { url = "https://files.pythonhosted.org/packages/23/ce/5f78cea13eda8eceac71b5f6fa6e9223df9b87bb2c1891c166d1f0dce9f1/ruff-0.14.8-py3-none-manylinux_2_17_i686.manylinux2014_i686.whl", hash = "sha256:1d62cb310c4fbcb9ee4ac023fe17f984ae1e12b8a4a02e3d21489f9a2a5f730c", size = 13896379, upload-time = "2025-12-04T15:06:02.687Z" },
    { url = "https://files.pythonhosted.org/packages/cf/79/13de4517c4dadce9218a20035b21212a4c180e009507731f0d3b3f5df85a/ruff-0.14.8-py3-none-manylinux_2_17_ppc64.manylinux2014_ppc64.whl", hash = "sha256:1af35c2d62633d4da0521178e8a2641c636d2a7153da0bac1b30cfd4ccd91344", size = 15372786, upload-time = "2025-12-04T15:06:29.828Z" },
    { url = "https://files.pythonhosted.org/packages/00/06/33df72b3bb42be8a1c3815fd4fae83fa2945fc725a25d87ba3e42d1cc108/ruff-0.14.8-py3-none-manylinux_2_17_ppc64le.manylinux2014_ppc64le.whl", hash = "sha256:25add4575ffecc53d60eed3f24b1e934493631b48ebbc6ebaf9d8517924aca4b", size = 14990029, upload-time = "2025-12-04T15:06:36.812Z" },
    { url = "https://files.pythonhosted.org/packages/64/61/0f34927bd90925880394de0e081ce1afab66d7b3525336f5771dcf0cb46c/ruff-0.14.8-py3-none-manylinux_2_17_s390x.manylinux2014_s390x.whl", hash = "sha256:4c943d847b7f02f7db4201a0600ea7d244d8a404fbb639b439e987edcf2baf9a", size = 14407037, upload-time = "2025-12-04T15:06:39.979Z" },
    { url = "https://files.pythonhosted.org/packages/96/bc/058fe0aefc0fbf0d19614cb6d1a3e2c048f7dc77ca64957f33b12cfdc5ef/ruff-0.14.8-py3-none-manylinux_2_17_x86_64.manylinux2014_x86_64.whl", hash = "sha256:cb6e8bf7b4f627548daa1b69283dac5a296bfe9ce856703b03130732e20ddfe2", size = 14102390, upload-time = "2025-12-04T15:06:46.372Z" },
    { url = "https://files.pythonhosted.org/packages/af/a4/e4f77b02b804546f4c17e8b37a524c27012dd6ff05855d2243b49a7d3cb9/ruff-0.14.8-py3-none-manylinux_2_31_riscv64.whl", hash = "sha256:7aaf2974f378e6b01d1e257c6948207aec6a9b5ba53fab23d0182efb887a0e4a", size = 14230793, upload-time = "2025-12-04T15:06:20.497Z" },
    { url = "https://files.pythonhosted.org/packages/3f/52/bb8c02373f79552e8d087cedaffad76b8892033d2876c2498a2582f09dcf/ruff-0.14.8-py3-none-musllinux_1_2_aarch64.whl", hash = "sha256:e5758ca513c43ad8a4ef13f0f081f80f08008f410790f3611a21a92421ab045b", size = 13160039, upload-time = "2025-12-04T15:06:49.06Z" },
    { url = "https://files.pythonhosted.org/packages/1f/ad/b69d6962e477842e25c0b11622548df746290cc6d76f9e0f4ed7456c2c31/ruff-0.14.8-py3-none-musllinux_1_2_armv7l.whl", hash = "sha256:f74f7ba163b6e85a8d81a590363bf71618847e5078d90827749bfda1d88c9cdf", size = 13205158, upload-time = "2025-12-04T15:06:54.574Z" },
    { url = "https://files.pythonhosted.org/packages/06/63/54f23da1315c0b3dfc1bc03fbc34e10378918a20c0b0f086418734e57e74/ruff-0.14.8-py3-none-musllinux_1_2_i686.whl", hash = "sha256:eed28f6fafcc9591994c42254f5a5c5ca40e69a30721d2ab18bb0bb3baac3ab6", size = 13469550, upload-time = "2025-12-04T15:05:59.209Z" },
    { url = "https://files.pythonhosted.org/packages/70/7d/a4d7b1961e4903bc37fffb7ddcfaa7beb250f67d97cfd1ee1d5cddb1ec90/ruff-0.14.8-py3-none-musllinux_1_2_x86_64.whl", hash = "sha256:21d48fa744c9d1cb8d71eb0a740c4dd02751a5de9db9a730a8ef75ca34cf138e", size = 14211332, upload-time = "2025-12-04T15:06:06.027Z" },
    { url = "https://files.pythonhosted.org/packages/5d/93/2a5063341fa17054e5c86582136e9895db773e3c2ffb770dde50a09f35f0/ruff-0.14.8-py3-none-win32.whl", hash = "sha256:15f04cb45c051159baebb0f0037f404f1dc2f15a927418f29730f411a79bc4e7", size = 13151890, upload-time = "2025-12-04T15:06:11.668Z" },
    { url = "https://files.pythonhosted.org/packages/02/1c/65c61a0859c0add13a3e1cbb6024b42de587456a43006ca2d4fd3d1618fe/ruff-0.14.8-py3-none-win_amd64.whl", hash = "sha256:9eeb0b24242b5bbff3011409a739929f497f3fb5fe3b5698aba5e77e8c833097", size = 14537826, upload-time = "2025-12-04T15:06:26.409Z" },
    { url = "https://files.pythonhosted.org/packages/6d/63/8b41cea3afd7f58eb64ac9251668ee0073789a3bc9ac6f816c8c6fef986d/ruff-0.14.8-py3-none-win_arm64.whl", hash = "sha256:965a582c93c63fe715fd3e3f8aa37c4b776777203d8e1d8aa3cc0c14424a4b99", size = 13634522, upload-time = "2025-12-04T15:06:43.212Z" },
]

[[package]]
name = "scrabble"
version = "0.1.0"
source = { editable = "." }

[package.dev-dependencies]
dev = [
    { name = "pyrefly" },
    { name = "pytest" },
    { name = "pytest-cov" },
    { name = "ruff" },
    { name = "ty" },
]
test = [
    { name = "pytest" },
    { name = "pytest-cov" },
]

[package.metadata]

[package.metadata.requires-dev]
dev = [
    { name = "pyrefly", specifier = ">=0.44.2" },
    { name = "pytest", specifier = ">=9.0.2" },
    { name = "pytest-cov", specifier = ">=7.0.0" },
    { name = "ruff", specifier = ">=0.14.8" },
    { name = "ty", specifier = ">=0.0.1a32" },
]
test = [
    { name = "pytest", specifier = ">=9.0.2" },
    { name = "pytest-cov", specifier = ">=7.0.0" },
]

[[package]]
name = "ty"
version = "0.0.1a32"
source = { registry = "https://pypi.org/simple" }
sdist = { url = "https://files.pythonhosted.org/packages/26/92/8da015685fb83734a2a83de02080e64d182509de77fa9bcf3eed12eeab4b/ty-0.0.1a32.tar.gz", hash = "sha256:12f62e8a3dd0eaeb9557d74b1c32f0616ae40eae10a4f411e1e2a73225f67ff2", size = 4689151, upload-time = "2025-12-05T21:04:26.885Z" }
wheels = [
    { url = "https://files.pythonhosted.org/packages/2a/e6/fdc35c9ba047f16afdfedf36fb51c221e0190ccde9f70ee28e77084d6612/ty-0.0.1a32-py3-none-linux_armv6l.whl", hash = "sha256:ffe595eaf616f06f58f951766477830a55c2502d2c9f77dde8f60d9a836e0645", size = 9673128, upload-time = "2025-12-05T21:04:17.702Z" },
    { url = "https://files.pythonhosted.org/packages/19/20/eaff31048e2f309f37478f7d715c8de9f9bab03cba4758da27b9311147af/ty-0.0.1a32-py3-none-macosx_10_12_x86_64.whl", hash = "sha256:07f1dce88ad6028fb14665aefe4e6697012c34bd48edd37d02b7eb6a833dbf62", size = 9434094, upload-time = "2025-12-05T21:04:03.383Z" },
    { url = "https://files.pythonhosted.org/packages/67/d4/ea8ed57d11b81c459f23561fd6bfb0f54a8d4120cf72541e3bdf71d46202/ty-0.0.1a32-py3-none-macosx_11_0_arm64.whl", hash = "sha256:8fab7ed12528c77ddd600a9638ca859156a53c20f1e381353fa87a255bd397eb", size = 8980296, upload-time = "2025-12-05T21:04:28.912Z" },
    { url = "https://files.pythonhosted.org/packages/49/02/3ce98bbfbb3916678d717ee69358d38a404ca9a39391dda8874b66dd5ee7/ty-0.0.1a32-py3-none-manylinux_2_17_aarch64.manylinux2014_aarch64.whl", hash = "sha256:ace395280fc21e25eff0a53cfbd68170f90a4b8ef2f85dfabe1ecbca2ced456b", size = 9263054, upload-time = "2025-12-05T21:04:05.619Z" },
    { url = "https://files.pythonhosted.org/packages/b7/be/a639638bcd1664de2d70a87da6c4fe0e3272a60b7fa3f0c108a956a456bd/ty-0.0.1a32-py3-none-manylinux_2_17_armv7l.manylinux2014_armv7l.whl", hash = "sha256:2bcbeed7f5ed8e3c1c7e525fce541e7b943ac04ee7fe369a926551b5e50ea4a8", size = 9451396, upload-time = "2025-12-05T21:04:01.265Z" },
    { url = "https://files.pythonhosted.org/packages/1f/a4/2bcf54e842a3d10dc14b369f28a3bab530c5d7ddba624e910b212bda93ee/ty-0.0.1a32-py3-none-manylinux_2_17_i686.manylinux2014_i686.whl", hash = "sha256:60ff2e4493f90f81a260205d87719bb1d3420928a1e4a2a7454af7cbdfed2047", size = 9862726, upload-time = "2025-12-05T21:04:08.806Z" },
    { url = "https://files.pythonhosted.org/packages/5f/c7/19e6719496e59f2f082f34bcac312698366cf50879fdcc3ef76298bfe6a0/ty-0.0.1a32-py3-none-manylinux_2_17_ppc64.manylinux2014_ppc64.whl", hash = "sha256:53cad50a59a0d943b06872e0b10f9f2b564805c2ea93f64c7798852bc1901954", size = 10475051, upload-time = "2025-12-05T21:04:31.059Z" },
    { url = "https://files.pythonhosted.org/packages/88/77/bdf0ddb066d2b62f141d058f8a33bb7c8628cdbb8bfa75b20e296b79fb4e/ty-0.0.1a32-py3-none-manylinux_2_17_ppc64le.manylinux2014_ppc64le.whl", hash = "sha256:343d43cdc1d7f649ea2baa64ac2b479da3d679239b94509f1df12f7211561ea9", size = 10232712, upload-time = "2025-12-05T21:04:19.849Z" },
    { url = "https://files.pythonhosted.org/packages/ed/07/f73260a461762a581a007015c1019d40658828ce41576f8c1db88dee574d/ty-0.0.1a32-py3-none-manylinux_2_17_s390x.manylinux2014_s390x.whl", hash = "sha256:f45483e4a84bcf622413712164ea687ce323a9f7013b9e7977c5d623ed937ca9", size = 10237705, upload-time = "2025-12-05T21:04:35.366Z" },
    { url = "https://files.pythonhosted.org/packages/2c/57/dbb92206cf2f798d8c51ea16504e8afb90a139d0ff105c31cec9a1db29f9/ty-0.0.1a32-py3-none-manylinux_2_17_x86_64.manylinux2014_x86_64.whl", hash = "sha256:7d452f30d47002a6bafc36d1b6aee42c321e9ec9f7f43a04a2ee7d48c208b86c", size = 9766469, upload-time = "2025-12-05T21:04:22.236Z" },
    { url = "https://files.pythonhosted.org/packages/c3/5e/143d93bd143abcebcbaa98c8aeec78898553d62d0a5a432cd79e0cf5bd6d/ty-0.0.1a32-py3-none-musllinux_1_2_aarch64.whl", hash = "sha256:86c4e31737fe954637890cef1f3e1b479ffb20e836cac3b76050bdbe80005010", size = 9238592, upload-time = "2025-12-05T21:04:11.33Z" },
    { url = "https://files.pythonhosted.org/packages/21/b8/225230ae097ed88f3c92ad974dd77f8e4f86f2594d9cd0c729da39769878/ty-0.0.1a32-py3-none-musllinux_1_2_armv7l.whl", hash = "sha256:daf15fa03bc39a76a0fbc9c2d81d79d528f584e3fbe08d71981e3f7912db91d6", size = 9502161, upload-time = "2025-12-05T21:04:37.642Z" },
    { url = "https://files.pythonhosted.org/packages/85/13/cc89955c9637f25f3aca2dd7749c6008639ef036f0b9bea3e9d89e892ff9/ty-0.0.1a32-py3-none-musllinux_1_2_i686.whl", hash = "sha256:6128f6bab5c6dab3d08689fed1d529dc34f50f221f89c8e16064ed0c549dad7a", size = 9603058, upload-time = "2025-12-05T21:04:39.532Z" },
    { url = "https://files.pythonhosted.org/packages/46/77/1fe2793c8065a02d1f70ca7da1b87db49ca621bcbbdb79a18ad79d5d0ab2/ty-0.0.1a32-py3-none-musllinux_1_2_x86_64.whl", hash = "sha256:55aab688be1b46776a5a458a1993cae0da7725932c45393399c479c2fa979337", size = 9879903, upload-time = "2025-12-05T21:04:13.567Z" },
    { url = "https://files.pythonhosted.org/packages/fc/47/fd58e80a3e42310b4b649340d5d97403fe796146cae8678b3a031a414b8e/ty-0.0.1a32-py3-none-win32.whl", hash = "sha256:f55ec25088a09236ad1578b656a07fa009c3a353f5923486905ba48175d142a6", size = 9077703, upload-time = "2025-12-05T21:04:15.849Z" },
    { url = "https://files.pythonhosted.org/packages/8d/96/209c417c69317339ea8e9b3277fd98364a0e97dd1ffd3585e143ec7b4e57/ty-0.0.1a32-py3-none-win_amd64.whl", hash = "sha256:ed8d5cbd4e47dfed86aaa27e243008aa4e82b6a5434f3ab95c26d3ee5874d9d7", size = 9922426, upload-time = "2025-12-05T21:04:33.289Z" },
    { url = "https://files.pythonhosted.org/packages/e0/1c/350fd851fb91244f8c80cec218009cbee7564d76c14e2f423b47e69a5cbc/ty-0.0.1a32-py3-none-win_arm64.whl", hash = "sha256:dbb25f9b513d34cee8ce419514eaef03313f45c3f7ab4eb6e6d427ea1f6854af", size = 9453761, upload-time = "2025-12-05T21:04:24.502Z" },
]
