version = 1
revision = 2
requires-python = "==3.13.*"

[[package]]
name = "colorama"
version = "0.4.6"
source = { registry = "https://pypi.org/simple" }
sdist = { url = "https://files.pythonhosted.org/packages/d8/53/6f443c9a4a8358a93a6792e2acffb9d9d5cb0a5cfd8802644b7b1c9a02e4/colorama-0.4.6.tar.gz", hash = "sha256:08695f5cb7ed6e0531a20572697297273c47b8cae5a63ffc6d6ed5c201be6e44", size = 27697, upload-time = "2022-10-25T02:36:22.414Z" }
wheels = [
    { url = "https://files.pythonhosted.org/packages/d1/d6/3965ed04c63042e047cb6a3e6ed1a63a35087b6a609aa3a15ed8ac56c221/colorama-0.4.6-py2.py3-none-any.whl", hash = "sha256:4f1d9991f5acc0ca119f9d443620b77f9d6b33703e51011c16baf57afb285fc6", size = 25335, upload-time = "2022-10-25T02:36:20.889Z" },
]

[[package]]
name = "coverage"
version = "7.10.1"
source = { registry = "https://pypi.org/simple" }
sdist = { url = "https://files.pythonhosted.org/packages/87/0e/66dbd4c6a7f0758a8d18044c048779ba21fb94856e1edcf764bd5403e710/coverage-7.10.1.tar.gz", hash = "sha256:ae2b4856f29ddfe827106794f3589949a57da6f0d38ab01e24ec35107979ba57", size = 819938, upload-time = "2025-07-27T14:13:39.045Z" }
wheels = [
    { url = "https://files.pythonhosted.org/packages/ef/72/135ff5fef09b1ffe78dbe6fcf1e16b2e564cd35faeacf3d63d60d887f12d/coverage-7.10.1-cp313-cp313-macosx_10_13_x86_64.whl", hash = "sha256:ebb08d0867c5a25dffa4823377292a0ffd7aaafb218b5d4e2e106378b1061e39", size = 214960, upload-time = "2025-07-27T14:11:55.959Z" },
    { url = "https://files.pythonhosted.org/packages/b1/aa/73a5d1a6fc08ca709a8177825616aa95ee6bf34d522517c2595484a3e6c9/coverage-7.10.1-cp313-cp313-macosx_11_0_arm64.whl", hash = "sha256:f32a95a83c2e17422f67af922a89422cd24c6fa94041f083dd0bb4f6057d0bc7", size = 215220, upload-time = "2025-07-27T14:11:57.899Z" },
    { url = "https://files.pythonhosted.org/packages/8d/40/3124fdd45ed3772a42fc73ca41c091699b38a2c3bd4f9cb564162378e8b6/coverage-7.10.1-cp313-cp313-manylinux1_i686.manylinux_2_28_i686.manylinux_2_5_i686.whl", hash = "sha256:c4c746d11c8aba4b9f58ca8bfc6fbfd0da4efe7960ae5540d1a1b13655ee8892", size = 245772, upload-time = "2025-07-27T14:12:00.422Z" },
    { url = "https://files.pythonhosted.org/packages/42/62/a77b254822efa8c12ad59e8039f2bc3df56dc162ebda55e1943e35ba31a5/coverage-7.10.1-cp313-cp313-manylinux1_x86_64.manylinux_2_28_x86_64.manylinux_2_5_x86_64.whl", hash = "sha256:7f39edd52c23e5c7ed94e0e4bf088928029edf86ef10b95413e5ea670c5e92d7", size = 248116, upload-time = "2025-07-27T14:12:03.099Z" },
    { url = "https://files.pythonhosted.org/packages/1d/01/8101f062f472a3a6205b458d18ef0444a63ae5d36a8a5ed5dd0f6167f4db/coverage-7.10.1-cp313-cp313-manylinux2014_aarch64.manylinux_2_17_aarch64.manylinux_2_28_aarch64.whl", hash = "sha256:ab6e19b684981d0cd968906e293d5628e89faacb27977c92f3600b201926b994", size = 249554, upload-time = "2025-07-27T14:12:04.668Z" },
    { url = "https://files.pythonhosted.org/packages/8f/7b/e51bc61573e71ff7275a4f167aecbd16cb010aefdf54bcd8b0a133391263/coverage-7.10.1-cp313-cp313-musllinux_1_2_aarch64.whl", hash = "sha256:5121d8cf0eacb16133501455d216bb5f99899ae2f52d394fe45d59229e6611d0", size = 247766, upload-time = "2025-07-27T14:12:06.234Z" },
    { url = "https://files.pythonhosted.org/packages/4b/71/1c96d66a51d4204a9d6d12df53c4071d87e110941a2a1fe94693192262f5/coverage-7.10.1-cp313-cp313-musllinux_1_2_i686.whl", hash = "sha256:df1c742ca6f46a6f6cbcaef9ac694dc2cb1260d30a6a2f5c68c5f5bcfee1cfd7", size = 245735, upload-time = "2025-07-27T14:12:08.305Z" },
    { url = "https://files.pythonhosted.org/packages/13/d5/efbc2ac4d35ae2f22ef6df2ca084c60e13bd9378be68655e3268c80349ab/coverage-7.10.1-cp313-cp313-musllinux_1_2_x86_64.whl", hash = "sha256:40f9a38676f9c073bf4b9194707aa1eb97dca0e22cc3766d83879d72500132c7", size = 247118, upload-time = "2025-07-27T14:12:09.903Z" },
    { url = "https://files.pythonhosted.org/packages/d1/22/073848352bec28ca65f2b6816b892fcf9a31abbef07b868487ad15dd55f1/coverage-7.10.1-cp313-cp313-win32.whl", hash = "sha256:2348631f049e884839553b9974f0821d39241c6ffb01a418efce434f7eba0fe7", size = 217381, upload-time = "2025-07-27T14:12:11.535Z" },
    { url = "https://files.pythonhosted.org/packages/b7/df/df6a0ff33b042f000089bd11b6bb034bab073e2ab64a56e78ed882cba55d/coverage-7.10.1-cp313-cp313-win_amd64.whl", hash = "sha256:4072b31361b0d6d23f750c524f694e1a417c1220a30d3ef02741eed28520c48e", size = 218152, upload-time = "2025-07-27T14:12:13.182Z" },
    { url = "https://files.pythonhosted.org/packages/30/e3/5085ca849a40ed6b47cdb8f65471c2f754e19390b5a12fa8abd25cbfaa8f/coverage-7.10.1-cp313-cp313-win_arm64.whl", hash = "sha256:3e31dfb8271937cab9425f19259b1b1d1f556790e98eb266009e7a61d337b6d4", size = 216559, upload-time = "2025-07-27T14:12:14.807Z" },
    { url = "https://files.pythonhosted.org/packages/cc/93/58714efbfdeb547909feaabe1d67b2bdd59f0597060271b9c548d5efb529/coverage-7.10.1-cp313-cp313t-macosx_10_13_x86_64.whl", hash = "sha256:1c4f679c6b573a5257af6012f167a45be4c749c9925fd44d5178fd641ad8bf72", size = 215677, upload-time = "2025-07-27T14:12:16.68Z" },
    { url = "https://files.pythonhosted.org/packages/c0/0c/18eaa5897e7e8cb3f8c45e563e23e8a85686b4585e29d53cacb6bc9cb340/coverage-7.10.1-cp313-cp313t-macosx_11_0_arm64.whl", hash = "sha256:871ebe8143da284bd77b84a9136200bd638be253618765d21a1fce71006d94af", size = 215899, upload-time = "2025-07-27T14:12:18.758Z" },
    { url = "https://files.pythonhosted.org/packages/84/c1/9d1affacc3c75b5a184c140377701bbf14fc94619367f07a269cd9e4fed6/coverage-7.10.1-cp313-cp313t-manylinux1_i686.manylinux_2_28_i686.manylinux_2_5_i686.whl", hash = "sha256:998c4751dabf7d29b30594af416e4bf5091f11f92a8d88eb1512c7ba136d1ed7", size = 257140, upload-time = "2025-07-27T14:12:20.357Z" },
    { url = "https://files.pythonhosted.org/packages/3d/0f/339bc6b8fa968c346df346068cca1f24bdea2ddfa93bb3dc2e7749730962/coverage-7.10.1-cp313-cp313t-manylinux1_x86_64.manylinux_2_28_x86_64.manylinux_2_5_x86_64.whl", hash = "sha256:780f750a25e7749d0af6b3631759c2c14f45de209f3faaa2398312d1c7a22759", size = 259005, upload-time = "2025-07-27T14:12:22.007Z" },
    { url = "https://files.pythonhosted.org/packages/c8/22/89390864b92ea7c909079939b71baba7e5b42a76bf327c1d615bd829ba57/coverage-7.10.1-cp313-cp313t-manylinux2014_aarch64.manylinux_2_17_aarch64.manylinux_2_28_aarch64.whl", hash = "sha256:590bdba9445df4763bdbebc928d8182f094c1f3947a8dc0fc82ef014dbdd8324", size = 261143, upload-time = "2025-07-27T14:12:23.746Z" },
    { url = "https://files.pythonhosted.org/packages/2c/56/3d04d89017c0c41c7a71bd69b29699d919b6bbf2649b8b2091240b97dd6a/coverage-7.10.1-cp313-cp313t-musllinux_1_2_aarch64.whl", hash = "sha256:9b2df80cb6a2af86d300e70acb82e9b79dab2c1e6971e44b78dbfc1a1e736b53", size = 258735, upload-time = "2025-07-27T14:12:25.73Z" },
    { url = "https://files.pythonhosted.org/packages/cb/40/312252c8afa5ca781063a09d931f4b9409dc91526cd0b5a2b84143ffafa2/coverage-7.10.1-cp313-cp313t-musllinux_1_2_i686.whl", hash = "sha256:d6a558c2725bfb6337bf57c1cd366c13798bfd3bfc9e3dd1f4a6f6fc95a4605f", size = 256871, upload-time = "2025-07-27T14:12:27.767Z" },
    { url = "https://files.pythonhosted.org/packages/1f/2b/564947d5dede068215aaddb9e05638aeac079685101462218229ddea9113/coverage-7.10.1-cp313-cp313t-musllinux_1_2_x86_64.whl", hash = "sha256:e6150d167f32f2a54690e572e0a4c90296fb000a18e9b26ab81a6489e24e78dd", size = 257692, upload-time = "2025-07-27T14:12:29.347Z" },
    { url = "https://files.pythonhosted.org/packages/93/1b/c8a867ade85cb26d802aea2209b9c2c80613b9c122baa8c8ecea6799648f/coverage-7.10.1-cp313-cp313t-win32.whl", hash = "sha256:d946a0c067aa88be4a593aad1236493313bafaa27e2a2080bfe88db827972f3c", size = 218059, upload-time = "2025-07-27T14:12:31.076Z" },
    { url = "https://files.pythonhosted.org/packages/a1/fe/cd4ab40570ae83a516bf5e754ea4388aeedd48e660e40c50b7713ed4f930/coverage-7.10.1-cp313-cp313t-win_amd64.whl", hash = "sha256:e37c72eaccdd5ed1130c67a92ad38f5b2af66eeff7b0abe29534225db2ef7b18", size = 219150, upload-time = "2025-07-27T14:12:32.746Z" },
    { url = "https://files.pythonhosted.org/packages/8d/16/6e5ed5854be6d70d0c39e9cb9dd2449f2c8c34455534c32c1a508c7dbdb5/coverage-7.10.1-cp313-cp313t-win_arm64.whl", hash = "sha256:89ec0ffc215c590c732918c95cd02b55c7d0f569d76b90bb1a5e78aa340618e4", size = 217014, upload-time = "2025-07-27T14:12:34.406Z" },
    { url = "https://files.pythonhosted.org/packages/0f/64/922899cff2c0fd3496be83fa8b81230f5a8d82a2ad30f98370b133c2c83b/coverage-7.10.1-py3-none-any.whl", hash = "sha256:fa2a258aa6bf188eb9a8948f7102a83da7c430a0dce918dbd8b60ef8fcb772d7", size = 206597, upload-time = "2025-07-27T14:13:37.221Z" },
]

[[package]]
name = "iniconfig"
version = "2.1.0"
source = { registry = "https://pypi.org/simple" }
sdist = { url = "https://files.pythonhosted.org/packages/f2/97/ebf4da567aa6827c909642694d71c9fcf53e5b504f2d96afea02718862f3/iniconfig-2.1.0.tar.gz", hash = "sha256:3abbd2e30b36733fee78f9c7f7308f2d0050e88f0087fd25c2645f63c773e1c7", size = 4793, upload-time = "2025-03-19T20:09:59.721Z" }
wheels = [
    { url = "https://files.pythonhosted.org/packages/2c/e1/e6716421ea10d38022b952c159d5161ca1193197fb744506875fbb87ea7b/iniconfig-2.1.0-py3-none-any.whl", hash = "sha256:9deba5723312380e77435581c6bf4935c94cbfab9b1ed33ef8d238ea168eb760", size = 6050, upload-time = "2025-03-19T20:10:01.071Z" },
]

[[package]]
name = "packaging"
version = "25.0"
source = { registry = "https://pypi.org/simple" }
sdist = { url = "https://files.pythonhosted.org/packages/a1/d4/1fc4078c65507b51b96ca8f8c3ba19e6a61c8253c72794544580a7b6c24d/packaging-25.0.tar.gz", hash = "sha256:d443872c98d677bf60f6a1f2f8c1cb748e8fe762d2bf9d3148b5599295b0fc4f", size = 165727, upload-time = "2025-04-19T11:48:59.673Z" }
wheels = [
    { url = "https://files.pythonhosted.org/packages/20/12/38679034af332785aac8774540895e234f4d07f7545804097de4b666afd8/packaging-25.0-py3-none-any.whl", hash = "sha256:29572ef2b1f17581046b3a2227d5c611fb25ec70ca1ba8554b24b0e69331a484", size = 66469, upload-time = "2025-04-19T11:48:57.875Z" },
]

[[package]]
name = "pluggy"
version = "1.6.0"
source = { registry = "https://pypi.org/simple" }
sdist = { url = "https://files.pythonhosted.org/packages/f9/e2/3e91f31a7d2b083fe6ef3fa267035b518369d9511ffab804f839851d2779/pluggy-1.6.0.tar.gz", hash = "sha256:7dcc130b76258d33b90f61b658791dede3486c3e6bfb003ee5c9bfb396dd22f3", size = 69412, upload-time = "2025-05-15T12:30:07.975Z" }
wheels = [
    { url = "https://files.pythonhosted.org/packages/54/20/4d324d65cc6d9205fabedc306948156824eb9f0ee1633355a8f7ec5c66bf/pluggy-1.6.0-py3-none-any.whl", hash = "sha256:e920276dd6813095e9377c0bc5566d94c932c33b27a3e3945d8389c374dd4746", size = 20538, upload-time = "2025-05-15T12:30:06.134Z" },
]

[[package]]
name = "pygments"
version = "2.19.2"
source = { registry = "https://pypi.org/simple" }
sdist = { url = "https://files.pythonhosted.org/packages/b0/77/a5b8c569bf593b0140bde72ea885a803b82086995367bf2037de0159d924/pygments-2.19.2.tar.gz", hash = "sha256:636cb2477cec7f8952536970bc533bc43743542f70392ae026374600add5b887", size = 4968631, upload-time = "2025-06-21T13:39:12.283Z" }
wheels = [
    { url = "https://files.pythonhosted.org/packages/c7/21/705964c7812476f378728bdf590ca4b771ec72385c533964653c68e86bdc/pygments-2.19.2-py3-none-any.whl", hash = "sha256:86540386c03d588bb81d44bc3928634ff26449851e99741617ecb9037ee5ec0b", size = 1225217, upload-time = "2025-06-21T13:39:07.939Z" },
]

[[package]]
name = "pyrefly"
version = "0.25.1"
source = { registry = "https://pypi.org/simple" }
sdist = { url = "https://files.pythonhosted.org/packages/ba/35/32e65a4a90e67ae458796f2bd70926022b753fc17ad0452c098e7ef69013/pyrefly-0.25.1.tar.gz", hash = "sha256:9525fffb280ff7ffdd3fb5d2658aa1385bb3ef3687e3d0abbe2e48baa2d72fa1", size = 1173131, upload-time = "2025-07-25T18:02:16.096Z" }
wheels = [
    { url = "https://files.pythonhosted.org/packages/59/64/9d9294e3333007e0419756954eb369123635808d44e5c541309b38da5def/pyrefly-0.25.1-py3-none-macosx_10_12_x86_64.whl", hash = "sha256:65374450bb590b715b3d5ee5fb1d9053b01cc5843df24b7f9727ce244ba412d7", size = 6295754, upload-time = "2025-07-25T18:02:02.322Z" },
    { url = "https://files.pythonhosted.org/packages/6e/0d/d074a2d3aeaab7d68fe2f92ea78e05c16e2c25768d45936abb39507ec838/pyrefly-0.25.1-py3-none-macosx_11_0_arm64.whl", hash = "sha256:8127b83f850f7c3b78413bd6626d2496c2af763d68716bf0ada9f0752dc550fb", size = 5862619, upload-time = "2025-07-25T18:02:04.436Z" },
    { url = "https://files.pythonhosted.org/packages/70/80/ba13b82145aac0d833b47fb198875abd73b3cc0e2ceebd50e9ca099572ff/pyrefly-0.25.1-py3-none-manylinux_2_17_aarch64.manylinux2014_aarch64.whl", hash = "sha256:c84a7846651067d7d782835ade6eed66e855dbd1c63925cd4490d226d92d4a42", size = 6086423, upload-time = "2025-07-25T18:02:06.317Z" },
    { url = "https://files.pythonhosted.org/packages/84/d3/76cfbdf568b479dbf0fcb2bec40d12e792b994adc24b68072640eb345cd3/pyrefly-0.25.1-py3-none-manylinux_2_17_i686.manylinux2014_i686.whl", hash = "sha256:41ca0aff5f74103bf33f8d86725d7dec9ade410721f3071d661e2393220a053c", size = 6832151, upload-time = "2025-07-25T18:02:07.825Z" },
    { url = "https://files.pythonhosted.org/packages/96/0f/c856707e069fb96b795dc5f65881239ef5f59181651c03507cce6dea8b31/pyrefly-0.25.1-py3-none-manylinux_2_17_x86_64.manylinux2014_x86_64.whl", hash = "sha256:9909532b49c591338838078229cb49389c024c29f836f92028fee78ce62db3e2", size = 6549767, upload-time = "2025-07-25T18:02:09.64Z" },
    { url = "https://files.pythonhosted.org/packages/be/13/470ae8041c680321db69761f97a707237be6976dec8b15335e93f7816fab/pyrefly-0.25.1-py3-none-win32.whl", hash = "sha256:86a37b106a0f32cf0f0d82af5e49c41e6618c82896f109094c8dad436f17d7d7", size = 6074424, upload-time = "2025-07-25T18:02:11.34Z" },
    { url = "https://files.pythonhosted.org/packages/7c/c9/ea1c30b240bbf97af0f25ab06dfe07c15c3fd6bf529c9d2078cba155588f/pyrefly-0.25.1-py3-none-win_amd64.whl", hash = "sha256:8a5a3432a0fabebc8a651cc0ffde22001e39a1e80cd2337b1d6a839b771c4c71", size = 6471651, upload-time = "2025-07-25T18:02:13.044Z" },
    { url = "https://files.pythonhosted.org/packages/3e/30/8603bca74e7a83fccab5fd54d4f17f26e8d35568e17559df600586dc37b1/pyrefly-0.25.1-py3-none-win_arm64.whl", hash = "sha256:e5093e979b31f10099bc48cc737d36fb69cbb84cd062df4dc122ff55c22712e2", size = 6114819, upload-time = "2025-07-25T18:02:14.573Z" },
]

[[package]]
name = "pytest"
version = "8.4.1"
source = { registry = "https://pypi.org/simple" }
dependencies = [
    { name = "colorama", marker = "sys_platform == 'win32'" },
    { name = "iniconfig" },
    { name = "packaging" },
    { name = "pluggy" },
    { name = "pygments" },
]
sdist = { url = "https://files.pythonhosted.org/packages/08/ba/45911d754e8eba3d5a841a5ce61a65a685ff1798421ac054f85aa8747dfb/pytest-8.4.1.tar.gz", hash = "sha256:7c67fd69174877359ed9371ec3af8a3d2b04741818c51e5e99cc1742251fa93c", size = 1517714, upload-time = "2025-06-18T05:48:06.109Z" }
wheels = [
    { url = "https://files.pythonhosted.org/packages/29/16/c8a903f4c4dffe7a12843191437d7cd8e32751d5de349d45d3fe69544e87/pytest-8.4.1-py3-none-any.whl", hash = "sha256:539c70ba6fcead8e78eebbf1115e8b589e7565830d7d006a8723f19ac8a0afb7", size = 365474, upload-time = "2025-06-18T05:48:03.955Z" },
]

[[package]]
name = "pytest-cov"
version = "6.2.1"
source = { registry = "https://pypi.org/simple" }
dependencies = [
    { name = "coverage" },
    { name = "pluggy" },
    { name = "pytest" },
]
sdist = { url = "https://files.pythonhosted.org/packages/18/99/668cade231f434aaa59bbfbf49469068d2ddd945000621d3d165d2e7dd7b/pytest_cov-6.2.1.tar.gz", hash = "sha256:25cc6cc0a5358204b8108ecedc51a9b57b34cc6b8c967cc2c01a4e00d8a67da2", size = 69432, upload-time = "2025-06-12T10:47:47.684Z" }
wheels = [
    { url = "https://files.pythonhosted.org/packages/bc/16/4ea354101abb1287856baa4af2732be351c7bee728065aed451b678153fd/pytest_cov-6.2.1-py3-none-any.whl", hash = "sha256:f5bc4c23f42f1cdd23c70b1dab1bbaef4fc505ba950d53e0081d0730dd7e86d5", size = 24644, upload-time = "2025-06-12T10:47:45.932Z" },
]

[[package]]
name = "ruff"
version = "0.12.5"
source = { registry = "https://pypi.org/simple" }
sdist = { url = "https://files.pythonhosted.org/packages/30/cd/01015eb5034605fd98d829c5839ec2c6b4582b479707f7c1c2af861e8258/ruff-0.12.5.tar.gz", hash = "sha256:b209db6102b66f13625940b7f8c7d0f18e20039bb7f6101fbdac935c9612057e", size = 5170722, upload-time = "2025-07-24T13:26:37.456Z" }
wheels = [
    { url = "https://files.pythonhosted.org/packages/d4/de/ad2f68f0798ff15dd8c0bcc2889558970d9a685b3249565a937cd820ad34/ruff-0.12.5-py3-none-linux_armv6l.whl", hash = "sha256:1de2c887e9dec6cb31fcb9948299de5b2db38144e66403b9660c9548a67abd92", size = 11819133, upload-time = "2025-07-24T13:25:56.369Z" },
    { url = "https://files.pythonhosted.org/packages/f8/fc/c6b65cd0e7fbe60f17e7ad619dca796aa49fbca34bb9bea5f8faf1ec2643/ruff-0.12.5-py3-none-macosx_10_12_x86_64.whl", hash = "sha256:d1ab65e7d8152f519e7dea4de892317c9da7a108da1c56b6a3c1d5e7cf4c5e9a", size = 12501114, upload-time = "2025-07-24T13:25:59.471Z" },
    { url = "https://files.pythonhosted.org/packages/c5/de/c6bec1dce5ead9f9e6a946ea15e8d698c35f19edc508289d70a577921b30/ruff-0.12.5-py3-none-macosx_11_0_arm64.whl", hash = "sha256:962775ed5b27c7aa3fdc0d8f4d4433deae7659ef99ea20f783d666e77338b8cf", size = 11716873, upload-time = "2025-07-24T13:26:01.496Z" },
    { url = "https://files.pythonhosted.org/packages/a1/16/cf372d2ebe91e4eb5b82a2275c3acfa879e0566a7ac94d331ea37b765ac8/ruff-0.12.5-py3-none-manylinux_2_17_aarch64.manylinux2014_aarch64.whl", hash = "sha256:73b4cae449597e7195a49eb1cdca89fd9fbb16140c7579899e87f4c85bf82f73", size = 11958829, upload-time = "2025-07-24T13:26:03.721Z" },
    { url = "https://files.pythonhosted.org/packages/25/bf/cd07e8f6a3a6ec746c62556b4c4b79eeb9b0328b362bb8431b7b8afd3856/ruff-0.12.5-py3-none-manylinux_2_17_armv7l.manylinux2014_armv7l.whl", hash = "sha256:8b13489c3dc50de5e2d40110c0cce371e00186b880842e245186ca862bf9a1ac", size = 11626619, upload-time = "2025-07-24T13:26:06.118Z" },
    { url = "https://files.pythonhosted.org/packages/d8/c9/c2ccb3b8cbb5661ffda6925f81a13edbb786e623876141b04919d1128370/ruff-0.12.5-py3-none-manylinux_2_17_i686.manylinux2014_i686.whl", hash = "sha256:f1504fea81461cf4841778b3ef0a078757602a3b3ea4b008feb1308cb3f23e08", size = 13221894, upload-time = "2025-07-24T13:26:08.292Z" },
    { url = "https://files.pythonhosted.org/packages/6b/58/68a5be2c8e5590ecdad922b2bcd5583af19ba648f7648f95c51c3c1eca81/ruff-0.12.5-py3-none-manylinux_2_17_ppc64.manylinux2014_ppc64.whl", hash = "sha256:c7da4129016ae26c32dfcbd5b671fe652b5ab7fc40095d80dcff78175e7eddd4", size = 14163909, upload-time = "2025-07-24T13:26:10.474Z" },
    { url = "https://files.pythonhosted.org/packages/bd/d1/ef6b19622009ba8386fdb792c0743f709cf917b0b2f1400589cbe4739a33/ruff-0.12.5-py3-none-manylinux_2_17_ppc64le.manylinux2014_ppc64le.whl", hash = "sha256:ca972c80f7ebcfd8af75a0f18b17c42d9f1ef203d163669150453f50ca98ab7b", size = 13583652, upload-time = "2025-07-24T13:26:13.381Z" },
    { url = "https://files.pythonhosted.org/packages/62/e3/1c98c566fe6809a0c83751d825a03727f242cdbe0d142c9e292725585521/ruff-0.12.5-py3-none-manylinux_2_17_s390x.manylinux2014_s390x.whl", hash = "sha256:8dbbf9f25dfb501f4237ae7501d6364b76a01341c6f1b2cd6764fe449124bb2a", size = 12700451, upload-time = "2025-07-24T13:26:15.488Z" },
    { url = "https://files.pythonhosted.org/packages/24/ff/96058f6506aac0fbc0d0fc0d60b0d0bd746240a0594657a2d94ad28033ba/ruff-0.12.5-py3-none-manylinux_2_17_x86_64.manylinux2014_x86_64.whl", hash = "sha256:2c47dea6ae39421851685141ba9734767f960113d51e83fd7bb9958d5be8763a", size = 12937465, upload-time = "2025-07-24T13:26:17.808Z" },
    { url = "https://files.pythonhosted.org/packages/eb/d3/68bc5e7ab96c94b3589d1789f2dd6dd4b27b263310019529ac9be1e8f31b/ruff-0.12.5-py3-none-musllinux_1_2_aarch64.whl", hash = "sha256:c5076aa0e61e30f848846f0265c873c249d4b558105b221be1828f9f79903dc5", size = 11771136, upload-time = "2025-07-24T13:26:20.422Z" },
    { url = "https://files.pythonhosted.org/packages/52/75/7356af30a14584981cabfefcf6106dea98cec9a7af4acb5daaf4b114845f/ruff-0.12.5-py3-none-musllinux_1_2_armv7l.whl", hash = "sha256:a5a4c7830dadd3d8c39b1cc85386e2c1e62344f20766be6f173c22fb5f72f293", size = 11601644, upload-time = "2025-07-24T13:26:22.928Z" },
    { url = "https://files.pythonhosted.org/packages/c2/67/91c71d27205871737cae11025ee2b098f512104e26ffd8656fd93d0ada0a/ruff-0.12.5-py3-none-musllinux_1_2_i686.whl", hash = "sha256:46699f73c2b5b137b9dc0fc1a190b43e35b008b398c6066ea1350cce6326adcb", size = 12478068, upload-time = "2025-07-24T13:26:26.134Z" },
    { url = "https://files.pythonhosted.org/packages/34/04/b6b00383cf2f48e8e78e14eb258942fdf2a9bf0287fbf5cdd398b749193a/ruff-0.12.5-py3-none-musllinux_1_2_x86_64.whl", hash = "sha256:5a655a0a0d396f0f072faafc18ebd59adde8ca85fb848dc1b0d9f024b9c4d3bb", size = 12991537, upload-time = "2025-07-24T13:26:28.533Z" },
    { url = "https://files.pythonhosted.org/packages/3e/b9/053d6445dc7544fb6594785056d8ece61daae7214859ada4a152ad56b6e0/ruff-0.12.5-py3-none-win32.whl", hash = "sha256:dfeb2627c459b0b78ca2bbdc38dd11cc9a0a88bf91db982058b26ce41714ffa9", size = 11751575, upload-time = "2025-07-24T13:26:30.835Z" },
    { url = "https://files.pythonhosted.org/packages/bc/0f/ab16e8259493137598b9149734fec2e06fdeda9837e6f634f5c4e35916da/ruff-0.12.5-py3-none-win_amd64.whl", hash = "sha256:ae0d90cf5f49466c954991b9d8b953bd093c32c27608e409ae3564c63c5306a5", size = 12882273, upload-time = "2025-07-24T13:26:32.929Z" },
    { url = "https://files.pythonhosted.org/packages/00/db/c376b0661c24cf770cb8815268190668ec1330eba8374a126ceef8c72d55/ruff-0.12.5-py3-none-win_arm64.whl", hash = "sha256:48cdbfc633de2c5c37d9f090ba3b352d1576b0015bfc3bc98eaf230275b7e805", size = 11951564, upload-time = "2025-07-24T13:26:34.994Z" },
]

[[package]]
name = "scrabble"
version = "0.1.0"
source = { editable = "." }

[package.dev-dependencies]
dev = [
    { name = "pyrefly" },
    { name = "ruff" },
    { name = "ty" },
]
test = [
    { name = "pytest" },
    { name = "pytest-cov" },
]

[package.metadata]

[package.metadata.requires-dev]
dev = [
    { name = "pyrefly", specifier = ">=0.25.1" },
    { name = "ruff", specifier = ">=0.12.3" },
    { name = "ty", specifier = ">=0.0.1a14" },
]
test = [
    { name = "pytest", specifier = ">=8.4.1" },
    { name = "pytest-cov", specifier = ">=6.2.1" },
]

[[package]]
name = "ty"
version = "0.0.1a16"
source = { registry = "https://pypi.org/simple" }
sdist = { url = "https://files.pythonhosted.org/packages/ca/62/f021cdbdda9dbd553be4b841c2e9329ecd3ddc630a17c1ab5179832fbca8/ty-0.0.1a16.tar.gz", hash = "sha256:9ade26904870dc9bd988e58bad4382857f75ae05edb682ee0ba2f26fcc2d4c0f", size = 3961822, upload-time = "2025-07-25T14:00:43.913Z" }
wheels = [
    { url = "https://files.pythonhosted.org/packages/c8/8d/fe6a4161ee493005d2d59bb02c37a746723eb65e45740cc8aa2367da5ddb/ty-0.0.1a16-py3-none-linux_armv6l.whl", hash = "sha256:dfb55d28df78ca40f8aff91ec3ae01f4b7bc23aa04c72ace7ec00fbc5e0468c0", size = 7840414, upload-time = "2025-07-25T14:00:15.589Z" },
    { url = "https://files.pythonhosted.org/packages/88/85/70bef8b680216276e941480a0bac3d00b89d1d64d4e281bd3daaa85fc5ed/ty-0.0.1a16-py3-none-macosx_10_12_x86_64.whl", hash = "sha256:5a0e9917efadf2ec173ee755db3653243b64fa8b26fa4d740dea68e969a99898", size = 7979261, upload-time = "2025-07-25T14:00:17.356Z" },
    { url = "https://files.pythonhosted.org/packages/5a/07/400b56734c7b8a29ea1d6927f36dd75bf263c8a223ea4bd05e25bdbbc8a2/ty-0.0.1a16-py3-none-macosx_11_0_arm64.whl", hash = "sha256:9253cb8b5c4052337b1600f581ecd8e6929e635a07ec9e8dc5cc2fa4008e6b3b", size = 7567959, upload-time = "2025-07-25T14:00:19.575Z" },
    { url = "https://files.pythonhosted.org/packages/02/c9/095cb09e33a4d547a71f4f698d09f3f9edc92746e029945fe8412f59d421/ty-0.0.1a16-py3-none-manylinux_2_17_aarch64.manylinux2014_aarch64.whl", hash = "sha256:374c059e184f8abc969e07965355ddbbf7205a713721d3867ee42f976249c9ac", size = 7697398, upload-time = "2025-07-25T14:00:20.978Z" },
    { url = "https://files.pythonhosted.org/packages/48/39/e2ce5b1151dfc80659486f74113972bc994c39b8f7f39084b271d03c4b04/ty-0.0.1a16-py3-none-manylinux_2_17_armv7l.manylinux2014_armv7l.whl", hash = "sha256:c5364c6d1a1a3d5b8e765a730303f8e07094ab9e63682aa82f73755d92749852", size = 7681504, upload-time = "2025-07-25T14:00:22.442Z" },
    { url = "https://files.pythonhosted.org/packages/a3/44/5c1158bd3e2e939e5b0ddb6b15c8e158870fa44915b5535909f83d4bd4ed/ty-0.0.1a16-py3-none-manylinux_2_17_i686.manylinux2014_i686.whl", hash = "sha256:f201ff0ab3267123b9e42cc8584a193aa76e6e0865003d1b0a41bd025f08229e", size = 8551057, upload-time = "2025-07-25T14:00:24.298Z" },
    { url = "https://files.pythonhosted.org/packages/0d/20/2564cd89f1c06ce329ab25d91ce457d2dc00d2559c519111874811250442/ty-0.0.1a16-py3-none-manylinux_2_17_ppc64.manylinux2014_ppc64.whl", hash = "sha256:57f14207d88043ba27f4b84d84dfdaa1bfbcc5170d5f50814d2997cbc3d75366", size = 8999239, upload-time = "2025-07-25T14:00:26.063Z" },
    { url = "https://files.pythonhosted.org/packages/41/5f/64b74a8aaa080267c71a9d591b980a9c915b2439034b9075520c56ef1e4b/ty-0.0.1a16-py3-none-manylinux_2_17_ppc64le.manylinux2014_ppc64le.whl", hash = "sha256:950c45e1d6c58e61ad77ed5d2d04f091e44b0d13e6d5d79143bb81078ab526b1", size = 8638649, upload-time = "2025-07-25T14:00:27.784Z" },
    { url = "https://files.pythonhosted.org/packages/67/c7/80ad1c11d896cd1a52f24f0b3660ed368187ba152337b8f18b2d0591bd02/ty-0.0.1a16-py3-none-manylinux_2_17_s390x.manylinux2014_s390x.whl", hash = "sha256:ad133d0eac5291d738e40052df98ca9f194e0f0433d6086a4890fd6733217969", size = 8443175, upload-time = "2025-07-25T14:00:29.559Z" },
    { url = "https://files.pythonhosted.org/packages/94/6c/eb3c214a44bd0f6ad359c1ce28de62cbaecfd5823553a35b0163e9f3e738/ty-0.0.1a16-py3-none-manylinux_2_17_x86_64.manylinux2014_x86_64.whl", hash = "sha256:3e59f877ef8b967c06173a7a663271a6e66edb049f0db00f7873be5e41d61d5b", size = 8278214, upload-time = "2025-07-25T14:00:31.273Z" },
    { url = "https://files.pythonhosted.org/packages/18/ab/f44474a526f3a1ac770c8839a23fac51f93a4ad5e6ec2770d74e20bd5684/ty-0.0.1a16-py3-none-musllinux_1_2_aarch64.whl", hash = "sha256:4e973b8cb2c382263aaf77a40889ad236bd06ddca671cc973f9e33e8e02f0af1", size = 7591502, upload-time = "2025-07-25T14:00:33.053Z" },
    { url = "https://files.pythonhosted.org/packages/b9/d3/825975f1277b097883ed3428c23e0e8f67ed4fffd25d00b8b60650b663cb/ty-0.0.1a16-py3-none-musllinux_1_2_armv7l.whl", hash = "sha256:4a82d9c4b76a73aff60cab93b71f2dd83952c2eb68a86578e1db56aee8f7e338", size = 7715602, upload-time = "2025-07-25T14:00:34.757Z" },
    { url = "https://files.pythonhosted.org/packages/f8/f0/2805b4172c46b832c2efa368731d4aa4af0aa35ce120a4726ccdb3b102a0/ty-0.0.1a16-py3-none-musllinux_1_2_i686.whl", hash = "sha256:7993f48def35f1707a2dc675bf7d08906cc5f26204b0b479746664301eda15b9", size = 8156780, upload-time = "2025-07-25T14:00:36.353Z" },
    { url = "https://files.pythonhosted.org/packages/25/a5/f47c11a3dc52b3e148aaaa2bf7c37ea75998cfd50ad5f4b56fd2cc79c708/ty-0.0.1a16-py3-none-musllinux_1_2_x86_64.whl", hash = "sha256:d9887ec65984e7dbf3b5e906ef44e8f47ff5351c7ac04d49e793b324d744050f", size = 8350253, upload-time = "2025-07-25T14:00:37.865Z" },
    { url = "https://files.pythonhosted.org/packages/1e/e4/498c0bed38385d0c8babfe5707fe157700ae698d77dd9a1a8ffaaa97baea/ty-0.0.1a16-py3-none-win32.whl", hash = "sha256:4113a176a8343196d73145668460873d26ccef8766ff4e5287eec2622ce8754d", size = 7460041, upload-time = "2025-07-25T14:00:39.637Z" },
    { url = "https://files.pythonhosted.org/packages/af/9e/5a8a690a5542405fd20cab6b0aa97a5af76de1e39582de545fac48e53f3a/ty-0.0.1a16-py3-none-win_amd64.whl", hash = "sha256:508ba4c50bc88f1a7c730d40f28d6c679696ee824bc09630c7c6763911de862a", size = 8074666, upload-time = "2025-07-25T14:00:41.061Z" },
    { url = "https://files.pythonhosted.org/packages/dc/53/2a2eb8cc22b3e12d2040ed78d98842d0dddfa593d824b7ff60e30afe6f41/ty-0.0.1a16-py3-none-win_arm64.whl", hash = "sha256:36f53e430b5e0231d6b6672160c981eaf7f9390162380bcd1096941b2c746b5d", size = 7612948, upload-time = "2025-07-25T14:00:42.458Z" },
]
